{
  "version": 4,
  "terraform_version": "1.9.0",
  "serial": 81,
  "lineage": "44b31876-575c-1109-37d2-6059e181b7ca",
  "outputs": {
    "alb_dns_name": {
      "value": "internal-lbr-subnet-router-alb-1260091833.us-west-2.elb.amazonaws.com",
      "type": "string"
    },
    "alb_zone_id": {
      "value": "Z1H1FL5HABSF5",
      "type": "string"
    },
    "app_url": {
      "value": "http://internal-lbr-subnet-router-alb-1260091833.us-west-2.elb.amazonaws.com",
      "type": "string"
    },
    "asg_id": {
      "value": "lbr-subnet-router",
      "type": "string"
    },
    "asg_name": {
      "value": "lbr-subnet-router",
      "type": "string"
    },
    "cloudwatch_log_group": {
      "value": "/ecs/lbr-subnet-router-app",
      "type": "string"
    },
    "db_connection_string": {
      "value": "postgresql://dbadmin:PASSWORD_HERE@lbr-subnet-router-postgres.cqlh98u5sael.us-west-2.rds.amazonaws.com:5432/appdb",
      "type": "string",
      "sensitive": true
    },
    "db_instance_address": {
      "value": "lbr-subnet-router-postgres.cqlh98u5sael.us-west-2.rds.amazonaws.com",
      "type": "string"
    },
    "db_instance_endpoint": {
      "value": "lbr-subnet-router-postgres.cqlh98u5sael.us-west-2.rds.amazonaws.com:5432",
      "type": "string"
    },
    "db_instance_id": {
      "value": "db-LQXYI4IYCCBSDUOKLV6BQI3SKA",
      "type": "string"
    },
    "db_instance_port": {
      "value": 5432,
      "type": "number"
    },
    "db_name": {
      "value": "appdb",
      "type": "string"
    },
    "db_secret_arn": {
      "value": "arn:aws:secretsmanager:us-west-2:797495827785:secret:lbr-subnet-router-db-password-20251020181439365600000001-bTetz1",
      "type": "string"
    },
    "db_username": {
      "value": "dbadmin",
      "type": "string",
      "sensitive": true
    },
    "ecs_cluster_arn": {
      "value": "arn:aws:ecs:us-west-2:797495827785:cluster/lbr-subnet-router-cluster",
      "type": "string"
    },
    "ecs_cluster_name": {
      "value": "lbr-subnet-router-cluster",
      "type": "string"
    },
    "ecs_execution_role_arn": {
      "value": "arn:aws:iam::797495827785:role/lbr-subnet-router-ecs-execution-20251021162033628800000004",
      "type": "string"
    },
    "ecs_task_role_arn": {
      "value": "arn:aws:iam::797495827785:role/lbr-subnet-router-ecs-task-20251021162033628800000003",
      "type": "string"
    },
    "tailscale_secret_arn": {
      "value": "arn:aws:secretsmanager:us-west-2:797495827785:secret:lbr-subnet-router-tailscale-authkey-20251021162033628300000001-VqmQCp",
      "type": "string"
    }
  },
  "resources": [
    {
      "mode": "data",
      "type": "aws_ami",
      "name": "main",
      "provider": "provider[\"registry.terraform.io/hashicorp/aws\"]",
      "instances": [
        {
          "schema_version": 0,
          "attributes": {
            "allow_unsafe_filter": null,
            "architecture": "x86_64",
            "arn": "arn:aws:ec2:us-west-2::image/ami-07929b704805ef1f1",
            "block_device_mappings": [
              {
                "device_name": "/dev/xvda",
                "ebs": {
                  "delete_on_termination": "true",
                  "encrypted": "false",
                  "iops": "3000",
                  "snapshot_id": "snap-01757a76bf74d508c",
                  "throughput": "125",
                  "volume_initialization_rate": "0",
                  "volume_size": "8",
                  "volume_type": "gp3"
                },
                "no_device": "",
                "virtual_name": ""
              }
            ],
            "boot_mode": "uefi-preferred",
            "creation_date": "2025-10-09T16:38:20.000Z",
            "deprecation_time": "2026-01-07T16:38:00.000Z",
            "description": "Amazon Linux 2023 AMI 2023.9.20251014.0 x86_64 HVM kernel-6.12",
            "ena_support": true,
            "executable_users": null,
            "filter": [
              {
                "name": "architecture",
                "values": [
                  "x86_64"
                ]
              },
              {
                "name": "name",
                "values": [
                  "al2023-ami-2023.*"
                ]
              },
              {
                "name": "owner-alias",
                "values": [
                  "amazon"
                ]
              },
              {
                "name": "root-device-type",
                "values": [
                  "ebs"
                ]
              }
            ],
            "hypervisor": "xen",
            "id": "ami-07929b704805ef1f1",
            "image_id": "ami-07929b704805ef1f1",
            "image_location": "amazon/al2023-ami-2023.9.20251014.0-kernel-6.12-x86_64",
            "image_owner_alias": "amazon",
            "image_type": "machine",
            "imds_support": "v2.0",
            "include_deprecated": false,
            "kernel_id": "",
            "last_launched_time": "",
            "most_recent": true,
            "name": "al2023-ami-2023.9.20251014.0-kernel-6.12-x86_64",
            "name_regex": null,
            "owner_id": "137112412989",
            "owners": [
              "amazon"
            ],
            "platform": "",
            "platform_details": "Linux/UNIX",
            "product_codes": [],
            "public": true,
            "ramdisk_id": "",
            "region": "us-west-2",
            "root_device_name": "/dev/xvda",
            "root_device_type": "ebs",
            "root_snapshot_id": "snap-01757a76bf74d508c",
            "sriov_net_support": "simple",
            "state": "available",
            "state_reason": {
              "code": "UNSET",
              "message": "UNSET"
            },
            "tags": {},
            "timeouts": null,
            "tpm_support": "",
            "uefi_data": null,
            "usage_operation": "RunInstances",
            "virtualization_type": "hvm"
          },
          "sensitive_attributes": []
        }
      ]
    },
    {
      "mode": "data",
      "type": "aws_caller_identity",
      "name": "current",
      "provider": "provider[\"registry.terraform.io/hashicorp/aws\"]",
      "instances": [
        {
          "schema_version": 0,
          "attributes": {
            "account_id": "797495827785",
            "arn": "arn:aws:sts::797495827785:assumed-role/AWSReservedSSO_Sandbox_2a30cfafeae961b0/lee@tailscale.com",
            "id": "797495827785",
            "user_id": "AROA3TLTUTVEXCJIGKZRE:lee@tailscale.com"
          },
          "sensitive_attributes": []
        }
      ]
    },
    {
      "mode": "data",
      "type": "aws_iam_policy_document",
      "name": "main",
      "provider": "provider[\"registry.terraform.io/hashicorp/aws\"]",
      "instances": [
        {
          "schema_version": 0,
          "attributes": {
            "id": "3607872425",
            "json": "{\n  \"Version\": \"2012-10-17\",\n  \"Statement\": [\n    {\n      \"Sid\": \"SessionManager\",\n      \"Effect\": \"Allow\",\n      \"Action\": [\n        \"ssmmessages:OpenDataChannel\",\n        \"ssmmessages:OpenControlChannel\",\n        \"ssmmessages:CreateDataChannel\",\n        \"ssmmessages:CreateControlChannel\",\n        \"ssm:UpdateInstanceInformation\"\n      ],\n      \"Resource\": \"*\"\n    },\n    {\n      \"Sid\": \"ModifyInstanceAttribute\",\n      \"Effect\": \"Allow\",\n      \"Action\": [\n        \"ec2:ModifyInstanceAttribute\",\n        \"ec2:DescribeInstances\"\n      ],\n      \"Resource\": \"arn:aws:ec2:us-west-2:797495827785:instance/*\"\n    }\n  ]\n}",
            "minified_json": "{\"Version\":\"2012-10-17\",\"Statement\":[{\"Sid\":\"SessionManager\",\"Effect\":\"Allow\",\"Action\":[\"ssmmessages:OpenDataChannel\",\"ssmmessages:OpenControlChannel\",\"ssmmessages:CreateDataChannel\",\"ssmmessages:CreateControlChannel\",\"ssm:UpdateInstanceInformation\"],\"Resource\":\"*\"},{\"Sid\":\"ModifyInstanceAttribute\",\"Effect\":\"Allow\",\"Action\":[\"ec2:ModifyInstanceAttribute\",\"ec2:DescribeInstances\"],\"Resource\":\"arn:aws:ec2:us-west-2:797495827785:instance/*\"}]}",
            "override_json": null,
            "override_policy_documents": null,
            "policy_id": null,
            "source_json": null,
            "source_policy_documents": null,
            "statement": [
              {
                "actions": [
                  "ssm:UpdateInstanceInformation",
                  "ssmmessages:CreateControlChannel",
                  "ssmmessages:CreateDataChannel",
                  "ssmmessages:OpenControlChannel",
                  "ssmmessages:OpenDataChannel"
                ],
                "condition": [],
                "effect": "Allow",
                "not_actions": [],
                "not_principals": [],
                "not_resources": [],
                "principals": [],
                "resources": [
                  "*"
                ],
                "sid": "SessionManager"
              },
              {
                "actions": [
                  "ec2:DescribeInstances",
                  "ec2:ModifyInstanceAttribute"
                ],
                "condition": [],
                "effect": "Allow",
                "not_actions": [],
                "not_principals": [],
                "not_resources": [],
                "principals": [],
                "resources": [
                  "arn:aws:ec2:us-west-2:797495827785:instance/*"
                ],
                "sid": "ModifyInstanceAttribute"
              }
            ],
            "version": "2012-10-17"
          },
          "sensitive_attributes": []
        }
      ]
    },
    {
      "mode": "data",
      "type": "aws_region",
      "name": "current",
      "provider": "provider[\"registry.terraform.io/hashicorp/aws\"]",
      "instances": [
        {
          "schema_version": 0,
          "attributes": {
            "description": "US West (Oregon)",
            "endpoint": "ec2.us-west-2.amazonaws.com",
            "id": "us-west-2",
            "name": "us-west-2",
            "region": "us-west-2"
          },
          "sensitive_attributes": []
        }
      ]
    },
    {
      "mode": "managed",
      "type": "aws_autoscaling_group",
      "name": "main",
      "provider": "provider[\"registry.terraform.io/hashicorp/aws\"]",
      "instances": [
        {
          "schema_version": 1,
          "attributes": {
            "arn": "arn:aws:autoscaling:us-west-2:797495827785:autoScalingGroup:e05efb01-38cc-4998-8817-a399c1c5231d:autoScalingGroupName/lbr-subnet-router",
            "availability_zone_distribution": [
              {
                "capacity_distribution_strategy": "balanced-best-effort"
              }
            ],
            "availability_zones": [
              "us-west-2a"
            ],
            "capacity_rebalance": false,
            "capacity_reservation_specification": [
              {
                "capacity_reservation_preference": "default",
                "capacity_reservation_target": []
              }
            ],
            "context": "",
            "default_cooldown": 300,
            "default_instance_warmup": 0,
            "desired_capacity": 1,
            "desired_capacity_type": "",
            "enabled_metrics": [],
            "force_delete": false,
            "force_delete_warm_pool": false,
            "health_check_grace_period": 300,
            "health_check_type": "EC2",
            "id": "lbr-subnet-router",
            "ignore_failed_scaling_activities": false,
            "initial_lifecycle_hook": [],
            "instance_maintenance_policy": [],
            "instance_refresh": [],
            "launch_configuration": "",
            "launch_template": [
              {
                "id": "lt-0804871c5e84c3e18",
                "name": "lbr-subnet-router",
                "version": "$Latest"
              }
            ],
            "load_balancers": [],
            "max_instance_lifetime": 0,
            "max_size": 3,
            "metrics_granularity": "1Minute",
            "min_elb_capacity": null,
            "min_size": 1,
            "mixed_instances_policy": [],
            "name": "lbr-subnet-router",
            "name_prefix": "",
            "placement_group": "",
            "predicted_capacity": 0,
            "protect_from_scale_in": false,
            "region": "us-west-2",
            "service_linked_role_arn": "arn:aws:iam::797495827785:role/aws-service-role/autoscaling.amazonaws.com/AWSServiceRoleForAutoScaling",
            "suspended_processes": [],
            "tag": [
              {
                "key": "Name",
                "propagate_at_launch": true,
                "value": "lbr-subnet-router"
              }
            ],
            "target_group_arns": [],
            "termination_policies": [],
            "timeouts": null,
            "traffic_source": [],
            "vpc_zone_identifier": [
              "subnet-033a8ec4c1e78935e"
            ],
            "wait_for_capacity_timeout": "10m",
            "wait_for_elb_capacity": null,
            "warm_pool": [],
            "warm_pool_size": 0
          },
          "sensitive_attributes": [],
          "private": "eyJlMmJmYjczMC1lY2FhLTExZTYtOGY4OC0zNDM2M2JjN2M0YzAiOnsiZGVsZXRlIjo2MDAwMDAwMDAwMDAsInVwZGF0ZSI6NjAwMDAwMDAwMDAwfSwic2NoZW1hX3ZlcnNpb24iOiIxIn0=",
          "dependencies": [
            "aws_iam_instance_profile.main",
            "aws_iam_role.main",
            "aws_key_pair.main",
            "aws_launch_template.main",
            "aws_security_group.tailscale",
            "data.aws_ami.main",
            "module.amz-tailscale-client.data.cloudinit_config.main",
            "module.vpc.aws_subnet.public",
            "module.vpc.aws_vpc.this",
            "module.vpc.aws_vpc_ipv4_cidr_block_association.this"
          ]
        }
      ]
    },
    {
      "mode": "managed",
      "type": "aws_cloudwatch_log_group",
      "name": "app",
      "provider": "provider[\"registry.terraform.io/hashicorp/aws\"]",
      "instances": [
        {
          "schema_version": 0,
          "attributes": {
            "arn": "arn:aws:logs:us-west-2:797495827785:log-group:/ecs/lbr-subnet-router-app",
            "id": "/ecs/lbr-subnet-router-app",
            "kms_key_id": "",
            "log_group_class": "STANDARD",
            "name": "/ecs/lbr-subnet-router-app",
            "name_prefix": "",
            "region": "us-west-2",
            "retention_in_days": 7,
            "skip_destroy": false,
            "tags": {
              "Name": "lbr-subnet-router-app-logs"
            },
            "tags_all": {
              "Name": "lbr-subnet-router-app-logs"
            }
          },
          "sensitive_attributes": [],
          "private": "bnVsbA=="
        }
      ]
    },
    {
      "mode": "managed",
      "type": "aws_db_instance",
      "name": "main",
      "provider": "provider[\"registry.terraform.io/hashicorp/aws\"]",
      "instances": [
        {
          "schema_version": 2,
          "attributes": {
            "address": "lbr-subnet-router-postgres.cqlh98u5sael.us-west-2.rds.amazonaws.com",
            "allocated_storage": 20,
            "allow_major_version_upgrade": null,
            "apply_immediately": false,
            "arn": "arn:aws:rds:us-west-2:797495827785:db:lbr-subnet-router-postgres",
            "auto_minor_version_upgrade": true,
            "availability_zone": "us-west-2a",
            "backup_retention_period": 7,
            "backup_target": "region",
            "backup_window": "03:00-04:00",
            "blue_green_update": [],
            "ca_cert_identifier": "rds-ca-rsa2048-g1",
            "character_set_name": "",
            "copy_tags_to_snapshot": false,
            "custom_iam_instance_profile": "",
            "customer_owned_ip_enabled": false,
            "database_insights_mode": "standard",
            "db_name": "appdb",
            "db_subnet_group_name": "lbr-subnet-router-db-subnet-group",
            "dedicated_log_volume": false,
            "delete_automated_backups": true,
            "deletion_protection": false,
            "domain": "",
            "domain_auth_secret_arn": "",
            "domain_dns_ips": [],
            "domain_fqdn": "",
            "domain_iam_role_name": "",
            "domain_ou": "",
            "enabled_cloudwatch_logs_exports": [
              "postgresql",
              "upgrade"
            ],
            "endpoint": "lbr-subnet-router-postgres.cqlh98u5sael.us-west-2.rds.amazonaws.com:5432",
            "engine": "postgres",
            "engine_lifecycle_support": "open-source-rds-extended-support",
            "engine_version": "16.3",
            "engine_version_actual": "16.3",
            "final_snapshot_identifier": "lbr-subnet-router-postgres-final-snapshot-2025-10-21-1620",
            "hosted_zone_id": "Z1PVIF0B656C1W",
            "iam_database_authentication_enabled": false,
            "id": "db-LQXYI4IYCCBSDUOKLV6BQI3SKA",
            "identifier": "lbr-subnet-router-postgres",
            "identifier_prefix": "",
            "instance_class": "db.t3.micro",
            "iops": 3000,
            "kms_key_id": "arn:aws:kms:us-west-2:797495827785:key/56ba0e22-84d3-4269-83f8-ba8615d9ff2a",
            "latest_restorable_time": "2025-10-21T16:14:30Z",
            "license_model": "postgresql-license",
            "listener_endpoint": [],
            "maintenance_window": "sun:04:00-sun:05:00",
            "manage_master_user_password": null,
            "master_user_secret": [],
            "master_user_secret_kms_key_id": null,
            "max_allocated_storage": 0,
            "monitoring_interval": 0,
            "monitoring_role_arn": "",
            "multi_az": false,
            "nchar_character_set_name": "",
            "network_type": "IPV4",
            "option_group_name": "default:postgres-16",
            "parameter_group_name": "default.postgres16",
            "password": "wh)_}]Y*cbtT\u003cOhBJe\u003e9hb68HRBF4g\u003cJ",
            "password_wo": null,
            "password_wo_version": null,
            "performance_insights_enabled": true,
            "performance_insights_kms_key_id": "arn:aws:kms:us-west-2:797495827785:key/56ba0e22-84d3-4269-83f8-ba8615d9ff2a",
            "performance_insights_retention_period": 7,
            "port": 5432,
            "publicly_accessible": false,
            "region": "us-west-2",
            "replica_mode": "",
            "replicas": [],
            "replicate_source_db": "",
            "resource_id": "db-LQXYI4IYCCBSDUOKLV6BQI3SKA",
            "restore_to_point_in_time": [],
            "s3_import": [],
            "skip_final_snapshot": false,
            "snapshot_identifier": null,
            "status": "available",
            "storage_encrypted": true,
            "storage_throughput": 125,
            "storage_type": "gp3",
            "tags": {
              "Name": "lbr-subnet-router-postgres"
            },
            "tags_all": {
              "Name": "lbr-subnet-router-postgres"
            },
            "timeouts": null,
            "timezone": "",
            "upgrade_storage_config": null,
            "username": "dbadmin",
            "vpc_security_group_ids": [
              "sg-09bf43750ef711b5c"
            ]
          },
          "sensitive_attributes": [
            [
              {
                "type": "get_attr",
                "value": "password"
              }
            ],
            [
              {
                "type": "get_attr",
                "value": "password_wo"
              }
            ]
          ],
          "private": "eyJlMmJmYjczMC1lY2FhLTExZTYtOGY4OC0zNDM2M2JjN2M0YzAiOnsiY3JlYXRlIjozMDAwMDAwMDAwMDAwLCJkZWxldGUiOjM2MDAwMDAwMDAwMDAsInVwZGF0ZSI6NDgwMDAwMDAwMDAwMH0sInNjaGVtYV92ZXJzaW9uIjoiMiJ9",
          "dependencies": [
            "aws_db_subnet_group.main",
            "aws_security_group.rds",
            "module.vpc.aws_subnet.private",
            "module.vpc.aws_vpc.this",
            "module.vpc.aws_vpc_ipv4_cidr_block_association.this",
            "random_password.db_password"
          ]
        }
      ]
    },
    {
      "mode": "managed",
      "type": "aws_db_subnet_group",
      "name": "main",
      "provider": "provider[\"registry.terraform.io/hashicorp/aws\"]",
      "instances": [
        {
          "schema_version": 0,
          "attributes": {
            "arn": "arn:aws:rds:us-west-2:797495827785:subgrp:lbr-subnet-router-db-subnet-group",
            "description": "Managed by Terraform",
            "id": "lbr-subnet-router-db-subnet-group",
            "name": "lbr-subnet-router-db-subnet-group",
            "name_prefix": "",
            "region": "us-west-2",
            "subnet_ids": [
              "subnet-020e511a74245e10e",
              "subnet-0272dbaa9aa777af1",
              "subnet-0b74574fdcf04f772"
            ],
            "supported_network_types": [
              "IPV4"
            ],
            "tags": {
              "Name": "lbr-subnet-router-db-subnet-group"
            },
            "tags_all": {
              "Name": "lbr-subnet-router-db-subnet-group"
            },
            "vpc_id": "vpc-07950c8dd0adc4262"
          },
          "sensitive_attributes": [],
          "private": "bnVsbA==",
          "dependencies": [
            "module.vpc.aws_subnet.private",
            "module.vpc.aws_vpc.this",
            "module.vpc.aws_vpc_ipv4_cidr_block_association.this"
          ]
        }
      ]
    },
    {
      "mode": "managed",
      "type": "aws_ecs_cluster",
      "name": "main",
      "provider": "provider[\"registry.terraform.io/hashicorp/aws\"]",
      "instances": [
        {
          "schema_version": 0,
          "attributes": {
            "arn": "arn:aws:ecs:us-west-2:797495827785:cluster/lbr-subnet-router-cluster",
            "configuration": [],
            "id": "arn:aws:ecs:us-west-2:797495827785:cluster/lbr-subnet-router-cluster",
            "name": "lbr-subnet-router-cluster",
            "region": "us-west-2",
            "service_connect_defaults": [],
            "setting": [
              {
                "name": "containerInsights",
                "value": "enabled"
              }
            ],
            "tags": {
              "Name": "lbr-subnet-router-ecs-cluster"
            },
            "tags_all": {
              "Name": "lbr-subnet-router-ecs-cluster"
            }
          },
          "sensitive_attributes": [],
          "private": "bnVsbA=="
        }
      ]
    },
    {
      "mode": "managed",
      "type": "aws_ecs_service",
      "name": "app",
      "provider": "provider[\"registry.terraform.io/hashicorp/aws\"]",
      "instances": [
        {
          "schema_version": 1,
          "attributes": {
            "alarms": [],
            "arn": "arn:aws:ecs:us-west-2:797495827785:service/lbr-subnet-router-cluster/tailscale-actions-demo-app",
            "availability_zone_rebalancing": "ENABLED",
            "capacity_provider_strategy": [],
            "cluster": "arn:aws:ecs:us-west-2:797495827785:cluster/lbr-subnet-router-cluster",
            "deployment_circuit_breaker": [
              {
                "enable": true,
                "rollback": true
              }
            ],
            "deployment_configuration": [
              {
                "bake_time_in_minutes": "0",
                "lifecycle_hook": [],
                "strategy": "ROLLING"
              }
            ],
            "deployment_controller": [
              {
                "type": "ECS"
              }
            ],
            "deployment_maximum_percent": 200,
            "deployment_minimum_healthy_percent": 100,
            "desired_count": 2,
            "enable_ecs_managed_tags": false,
            "enable_execute_command": false,
            "force_delete": null,
            "force_new_deployment": true,
            "health_check_grace_period_seconds": 0,
            "iam_role": "/aws-service-role/ecs.amazonaws.com/AWSServiceRoleForECS",
            "id": "arn:aws:ecs:us-west-2:797495827785:service/lbr-subnet-router-cluster/tailscale-actions-demo-app",
            "launch_type": "FARGATE",
            "load_balancer": [
              {
                "advanced_configuration": [],
                "container_name": "app",
                "container_port": 8080,
                "elb_name": "",
                "target_group_arn": "arn:aws:elasticloadbalancing:us-west-2:797495827785:targetgroup/lbr-subnet-router-app-tg/70415d3912d561c9"
              }
            ],
            "name": "tailscale-actions-demo-app",
            "network_configuration": [
              {
                "assign_public_ip": false,
                "security_groups": [
                  "sg-0a5b3a9bd3b47967a"
                ],
                "subnets": [
                  "subnet-020e511a74245e10e",
                  "subnet-0272dbaa9aa777af1",
                  "subnet-0b74574fdcf04f772"
                ]
              }
            ],
            "ordered_placement_strategy": [],
            "placement_constraints": [],
            "platform_version": "LATEST",
            "propagate_tags": "NONE",
            "region": "us-west-2",
            "scheduling_strategy": "REPLICA",
            "service_connect_configuration": [],
            "service_registries": [],
            "sigint_rollback": null,
            "tags": {
              "Name": "tailscale-actions-demo-app"
            },
            "tags_all": {
              "Name": "tailscale-actions-demo-app"
            },
            "task_definition": "arn:aws:ecs:us-west-2:797495827785:task-definition/lbr-subnet-router-app:1",
            "timeouts": null,
            "triggers": {},
            "volume_configuration": [],
            "vpc_lattice_configurations": [],
            "wait_for_steady_state": false
          },
          "sensitive_attributes": [],
          "private": "eyJlMmJmYjczMC1lY2FhLTExZTYtOGY4OC0zNDM2M2JjN2M0YzAiOnsiY3JlYXRlIjoxMjAwMDAwMDAwMDAwLCJkZWxldGUiOjEyMDAwMDAwMDAwMDAsInVwZGF0ZSI6MTIwMDAwMDAwMDAwMH0sInNjaGVtYV92ZXJzaW9uIjoiMSJ9",
          "dependencies": [
            "aws_cloudwatch_log_group.app",
            "aws_db_instance.main",
            "aws_db_subnet_group.main",
            "aws_ecs_cluster.main",
            "aws_ecs_task_definition.app",
            "aws_iam_role.ecs_execution",
            "aws_iam_role.ecs_task",
            "aws_iam_role_policy_attachment.ecs_execution",
            "aws_lb.main",
            "aws_lb_listener.http",
            "aws_lb_target_group.app",
            "aws_secretsmanager_secret.db_password",
            "aws_secretsmanager_secret.tailscale_auth_key",
            "aws_security_group.alb",
            "aws_security_group.ecs_tasks",
            "aws_security_group.rds",
            "data.aws_region.current",
            "module.vpc.aws_subnet.private",
            "module.vpc.aws_vpc.this",
            "module.vpc.aws_vpc_ipv4_cidr_block_association.this",
            "random_password.db_password"
          ]
        }
      ]
    },
    {
      "mode": "managed",
      "type": "aws_ecs_task_definition",
      "name": "app",
      "provider": "provider[\"registry.terraform.io/hashicorp/aws\"]",
      "instances": [
        {
          "schema_version": 1,
          "attributes": {
            "arn": "arn:aws:ecs:us-west-2:797495827785:task-definition/lbr-subnet-router-app:1",
            "arn_without_revision": "arn:aws:ecs:us-west-2:797495827785:task-definition/lbr-subnet-router-app",
            "container_definitions": "[{\"environment\":[{\"name\":\"DB_HOST\",\"value\":\"lbr-subnet-router-postgres.cqlh98u5sael.us-west-2.rds.amazonaws.com\"},{\"name\":\"DB_NAME\",\"value\":\"appdb\"},{\"name\":\"DB_PORT\",\"value\":\"5432\"},{\"name\":\"DB_USER\",\"value\":\"dbadmin\"},{\"name\":\"PORT\",\"value\":\"8080\"}],\"essential\":true,\"healthCheck\":{\"command\":[\"CMD-SHELL\",\"curl -f http://localhost:8080/health || exit 1\"],\"interval\":30,\"retries\":3,\"startPeriod\":60,\"timeout\":5},\"image\":\"ghcr.io/jaxxstorm/tailscale-actions-demo:latest\",\"logConfiguration\":{\"logDriver\":\"awslogs\",\"options\":{\"awslogs-region\":\"us-west-2\",\"awslogs-stream-prefix\":\"ecs\",\"awslogs-group\":\"/ecs/lbr-subnet-router-app\"}},\"mountPoints\":[],\"name\":\"app\",\"portMappings\":[{\"containerPort\":8080,\"hostPort\":8080,\"protocol\":\"tcp\"}],\"secrets\":[{\"name\":\"DB_PASSWORD\",\"valueFrom\":\"arn:aws:secretsmanager:us-west-2:797495827785:secret:lbr-subnet-router-db-password-20251020181439365600000001-bTetz1:password::\"},{\"name\":\"TS_AUTHKEY\",\"valueFrom\":\"arn:aws:secretsmanager:us-west-2:797495827785:secret:lbr-subnet-router-tailscale-authkey-20251021162033628300000001-VqmQCp\"}],\"systemControls\":[],\"volumesFrom\":[]}]",
            "cpu": "256",
            "enable_fault_injection": false,
            "ephemeral_storage": [],
            "execution_role_arn": "arn:aws:iam::797495827785:role/lbr-subnet-router-ecs-execution-20251021162033628800000004",
            "family": "lbr-subnet-router-app",
            "id": "lbr-subnet-router-app",
            "ipc_mode": "",
            "memory": "512",
            "network_mode": "awsvpc",
            "pid_mode": "",
            "placement_constraints": [],
            "proxy_configuration": [],
            "region": "us-west-2",
            "requires_compatibilities": [
              "FARGATE"
            ],
            "revision": 1,
            "runtime_platform": [],
            "skip_destroy": false,
            "tags": {
              "Name": "lbr-subnet-router-app-task"
            },
            "tags_all": {
              "Name": "lbr-subnet-router-app-task"
            },
            "task_role_arn": "arn:aws:iam::797495827785:role/lbr-subnet-router-ecs-task-20251021162033628800000003",
            "track_latest": false,
            "volume": []
          },
          "sensitive_attributes": [],
          "private": "eyJzY2hlbWFfdmVyc2lvbiI6IjEifQ==",
          "dependencies": [
            "aws_cloudwatch_log_group.app",
            "aws_db_instance.main",
            "aws_db_subnet_group.main",
            "aws_iam_role.ecs_execution",
            "aws_iam_role.ecs_task",
            "aws_secretsmanager_secret.db_password",
            "aws_secretsmanager_secret.tailscale_auth_key",
            "aws_security_group.rds",
            "data.aws_region.current",
            "module.vpc.aws_subnet.private",
            "module.vpc.aws_vpc.this",
            "module.vpc.aws_vpc_ipv4_cidr_block_association.this",
            "random_password.db_password"
          ]
        }
      ]
    },
    {
      "mode": "managed",
      "type": "aws_iam_instance_profile",
      "name": "main",
      "provider": "provider[\"registry.terraform.io/hashicorp/aws\"]",
      "instances": [
        {
          "schema_version": 0,
          "attributes": {
            "arn": "arn:aws:iam::797495827785:instance-profile/lbr-subnet-router",
            "create_date": "2025-10-20T17:49:15Z",
            "id": "lbr-subnet-router",
            "name": "lbr-subnet-router",
            "name_prefix": "",
            "path": "/",
            "role": "lbr-subnet-router",
            "tags": {},
            "tags_all": {},
            "unique_id": "AIPA3TLTUTVE4PCB3KHAI"
          },
          "sensitive_attributes": [],
          "private": "bnVsbA==",
          "dependencies": [
            "aws_iam_role.main"
          ]
        }
      ]
    },
    {
      "mode": "managed",
      "type": "aws_iam_role",
      "name": "ecs_execution",
      "provider": "provider[\"registry.terraform.io/hashicorp/aws\"]",
      "instances": [
        {
          "schema_version": 0,
          "attributes": {
            "arn": "arn:aws:iam::797495827785:role/lbr-subnet-router-ecs-execution-20251021162033628800000004",
            "assume_role_policy": "{\"Statement\":[{\"Action\":\"sts:AssumeRole\",\"Effect\":\"Allow\",\"Principal\":{\"Service\":\"ecs-tasks.amazonaws.com\"}}],\"Version\":\"2012-10-17\"}",
            "create_date": "2025-10-21T16:20:34Z",
            "description": "",
            "force_detach_policies": false,
            "id": "lbr-subnet-router-ecs-execution-20251021162033628800000004",
            "inline_policy": [],
            "managed_policy_arns": [],
            "max_session_duration": 3600,
            "name": "lbr-subnet-router-ecs-execution-20251021162033628800000004",
            "name_prefix": "lbr-subnet-router-ecs-execution-",
            "path": "/",
            "permissions_boundary": "",
            "tags": {
              "Name": "lbr-subnet-router-ecs-execution-role"
            },
            "tags_all": {
              "Name": "lbr-subnet-router-ecs-execution-role"
            },
            "unique_id": "AROA3TLTUTVE7KTK5YR32"
          },
          "sensitive_attributes": [],
          "private": "bnVsbA=="
        }
      ]
    },
    {
      "mode": "managed",
      "type": "aws_iam_role",
      "name": "ecs_task",
      "provider": "provider[\"registry.terraform.io/hashicorp/aws\"]",
      "instances": [
        {
          "schema_version": 0,
          "attributes": {
            "arn": "arn:aws:iam::797495827785:role/lbr-subnet-router-ecs-task-20251021162033628800000003",
            "assume_role_policy": "{\"Statement\":[{\"Action\":\"sts:AssumeRole\",\"Effect\":\"Allow\",\"Principal\":{\"Service\":\"ecs-tasks.amazonaws.com\"}}],\"Version\":\"2012-10-17\"}",
            "create_date": "2025-10-21T16:20:34Z",
            "description": "",
            "force_detach_policies": false,
            "id": "lbr-subnet-router-ecs-task-20251021162033628800000003",
            "inline_policy": [],
            "managed_policy_arns": [],
            "max_session_duration": 3600,
            "name": "lbr-subnet-router-ecs-task-20251021162033628800000003",
            "name_prefix": "lbr-subnet-router-ecs-task-",
            "path": "/",
            "permissions_boundary": "",
            "tags": {
              "Name": "lbr-subnet-router-ecs-task-role"
            },
            "tags_all": {
              "Name": "lbr-subnet-router-ecs-task-role"
            },
            "unique_id": "AROA3TLTUTVETHZXUUTGO"
          },
          "sensitive_attributes": [],
          "private": "bnVsbA=="
        }
      ]
    },
    {
      "mode": "managed",
      "type": "aws_iam_role",
      "name": "main",
      "provider": "provider[\"registry.terraform.io/hashicorp/aws\"]",
      "instances": [
        {
          "schema_version": 0,
          "attributes": {
            "arn": "arn:aws:iam::797495827785:role/lbr-subnet-router",
            "assume_role_policy": "{\"Statement\":[{\"Action\":\"sts:AssumeRole\",\"Effect\":\"Allow\",\"Principal\":{\"Service\":\"ec2.amazonaws.com\"},\"Sid\":\"\"},{\"Action\":\"sts:AssumeRole\",\"Effect\":\"Allow\",\"Principal\":{\"Service\":\"ssm.amazonaws.com\"},\"Sid\":\"\"}],\"Version\":\"2012-10-17\"}",
            "create_date": "2025-10-20T17:49:15Z",
            "description": "",
            "force_detach_policies": false,
            "id": "lbr-subnet-router",
            "inline_policy": [
              {
                "name": "lbr-subnet-router",
                "policy": "{\"Version\":\"2012-10-17\",\"Statement\":[{\"Action\":[\"ssmmessages:OpenDataChannel\",\"ssmmessages:OpenControlChannel\",\"ssmmessages:CreateDataChannel\",\"ssmmessages:CreateControlChannel\",\"ssm:UpdateInstanceInformation\"],\"Effect\":\"Allow\",\"Resource\":\"*\",\"Sid\":\"SessionManager\"},{\"Action\":[\"ec2:ModifyInstanceAttribute\",\"ec2:DescribeInstances\"],\"Effect\":\"Allow\",\"Resource\":\"arn:aws:ec2:us-west-2:797495827785:instance/*\",\"Sid\":\"ModifyInstanceAttribute\"}]}"
              }
            ],
            "managed_policy_arns": [],
            "max_session_duration": 3600,
            "name": "lbr-subnet-router",
            "name_prefix": "",
            "path": "/",
            "permissions_boundary": "",
            "tags": {},
            "tags_all": {},
            "unique_id": "AROA3TLTUTVEXM7F2Y5R6"
          },
          "sensitive_attributes": [],
          "private": "bnVsbA=="
        }
      ]
    },
    {
      "mode": "managed",
      "type": "aws_iam_role_policy",
      "name": "ecs_execution_secrets",
      "provider": "provider[\"registry.terraform.io/hashicorp/aws\"]",
      "instances": [
        {
          "schema_version": 0,
          "attributes": {
            "id": "lbr-subnet-router-ecs-execution-20251021162033628800000004:lbr-subnet-router-ecs-secrets-20251021162034502600000008",
            "name": "lbr-subnet-router-ecs-secrets-20251021162034502600000008",
            "name_prefix": "lbr-subnet-router-ecs-secrets-",
            "policy": "{\"Version\":\"2012-10-17\",\"Statement\":[{\"Action\":[\"secretsmanager:GetSecretValue\"],\"Effect\":\"Allow\",\"Resource\":[\"arn:aws:secretsmanager:us-west-2:797495827785:secret:lbr-subnet-router-db-password-20251020181439365600000001-bTetz1\",\"arn:aws:secretsmanager:us-west-2:797495827785:secret:lbr-subnet-router-tailscale-authkey-20251021162033628300000001-VqmQCp\"]},{\"Action\":[\"kms:Decrypt\"],\"Condition\":{\"StringEquals\":{\"kms:ViaService\":[\"secretsmanager.us-west-2.amazonaws.com\"]}},\"Effect\":\"Allow\",\"Resource\":\"*\"}]}",
            "role": "lbr-subnet-router-ecs-execution-20251021162033628800000004"
          },
          "sensitive_attributes": [],
          "private": "bnVsbA==",
          "dependencies": [
            "aws_iam_role.ecs_execution",
            "aws_secretsmanager_secret.db_password",
            "aws_secretsmanager_secret.tailscale_auth_key",
            "data.aws_region.current"
          ]
        }
      ]
    },
    {
      "mode": "managed",
      "type": "aws_iam_role_policy",
      "name": "ecs_task_cloudwatch",
      "provider": "provider[\"registry.terraform.io/hashicorp/aws\"]",
      "instances": [
        {
          "schema_version": 0,
          "attributes": {
            "id": "lbr-subnet-router-ecs-task-20251021162033628800000003:lbr-subnet-router-ecs-cloudwatch-20251021162034480300000007",
            "name": "lbr-subnet-router-ecs-cloudwatch-20251021162034480300000007",
            "name_prefix": "lbr-subnet-router-ecs-cloudwatch-",
            "policy": "{\"Version\":\"2012-10-17\",\"Statement\":[{\"Action\":[\"logs:CreateLogStream\",\"logs:PutLogEvents\"],\"Effect\":\"Allow\",\"Resource\":\"arn:aws:logs:us-west-2:797495827785:log-group:/ecs/lbr-subnet-router-app:*\"}]}",
            "role": "lbr-subnet-router-ecs-task-20251021162033628800000003"
          },
          "sensitive_attributes": [],
          "private": "bnVsbA==",
          "dependencies": [
            "aws_cloudwatch_log_group.app",
            "aws_iam_role.ecs_task"
          ]
        }
      ]
    },
    {
      "mode": "managed",
      "type": "aws_iam_role_policy",
      "name": "main",
      "provider": "provider[\"registry.terraform.io/hashicorp/aws\"]",
      "instances": [
        {
          "schema_version": 0,
          "attributes": {
            "id": "lbr-subnet-router:lbr-subnet-router",
            "name": "lbr-subnet-router",
            "name_prefix": "",
            "policy": "{\"Version\":\"2012-10-17\",\"Statement\":[{\"Action\":[\"ssmmessages:OpenDataChannel\",\"ssmmessages:OpenControlChannel\",\"ssmmessages:CreateDataChannel\",\"ssmmessages:CreateControlChannel\",\"ssm:UpdateInstanceInformation\"],\"Effect\":\"Allow\",\"Resource\":\"*\",\"Sid\":\"SessionManager\"},{\"Action\":[\"ec2:ModifyInstanceAttribute\",\"ec2:DescribeInstances\"],\"Effect\":\"Allow\",\"Resource\":\"arn:aws:ec2:us-west-2:797495827785:instance/*\",\"Sid\":\"ModifyInstanceAttribute\"}]}",
            "role": "lbr-subnet-router"
          },
          "sensitive_attributes": [],
          "private": "bnVsbA==",
          "dependencies": [
            "aws_iam_instance_profile.main",
            "aws_iam_role.main",
            "data.aws_caller_identity.current",
            "data.aws_iam_policy_document.main",
            "data.aws_region.current"
          ]
        }
      ]
    },
    {
      "mode": "managed",
      "type": "aws_iam_role_policy_attachment",
      "name": "ecs_execution",
      "provider": "provider[\"registry.terraform.io/hashicorp/aws\"]",
      "instances": [
        {
          "schema_version": 0,
          "attributes": {
            "id": "lbr-subnet-router-ecs-execution-20251021162033628800000004/arn:aws:iam::aws:policy/service-role/AmazonECSTaskExecutionRolePolicy",
            "policy_arn": "arn:aws:iam::aws:policy/service-role/AmazonECSTaskExecutionRolePolicy",
            "role": "lbr-subnet-router-ecs-execution-20251021162033628800000004"
          },
          "sensitive_attributes": [],
          "private": "bnVsbA==",
          "dependencies": [
            "aws_iam_role.ecs_execution"
          ]
        }
      ]
    },
    {
      "mode": "managed",
      "type": "aws_key_pair",
      "name": "main",
      "provider": "provider[\"registry.terraform.io/hashicorp/aws\"]",
      "instances": [
        {
          "schema_version": 1,
          "attributes": {
            "arn": "arn:aws:ec2:us-west-2:797495827785:key-pair/lbr-subnet-router-key",
            "fingerprint": "2d:c2:77:3a:f3:79:cf:e7:e6:ea:35:cb:cb:22:ed:fa",
            "id": "lbr-subnet-router-key",
            "key_name": "lbr-subnet-router-key",
            "key_name_prefix": "",
            "key_pair_id": "key-0327960084d26857f",
            "key_type": "rsa",
            "public_key": "ssh-rsa AAAAB3NzaC1yc2EAAAADAQABAAABgQDn5GuJHptrUin4LN85EirVuAigpWsXdlXaM+DBPzbQb+LMX6R7euzNRuCoqqjHcuPkmN3brqm3fOPrt5ltuOd6t6te3c9OLx1elvksXqQGXGr03t1Q8thPLtc+bDaRPUUw3HmVppMlRhHhFDkK6LXnng1UAcSC7Tl+M+403cJEJi85oTCH94jqXg2Njpzo9vK1XExhu0sgrN9uW5yMXTHpT0KFWQ9nhCQTnDcWMyeA+fDcArA9HeLnWQeL0l2QSDKSXx7NUQGEnB7eOvTTg362ZXGygthPSIEC2yZLS1KsK+tRNxKjyyOTSHufX09Hwg/o7Ao2UYvtRRq9dpElq2EbmbaZMcU4BlnFWz9lqrn71X07luGyq2rUWgwwpHB92kJZ5f75b8/Er95TLPTsS8dx19QbkkDS6Okm+Ww5pN1dkQDBnSCBehl6TZi2F0tuIBx3UOC5Qcm7zL0SmTovNfdJY2HrA/rn9MEKXMKt4fqyLHSbYhf1MZt6gy4j232DaCE= lbriggs@Lees-MBP-2.localdomain",
            "region": "us-west-2",
            "tags": {},
            "tags_all": {}
          },
          "sensitive_attributes": [],
          "private": "eyJzY2hlbWFfdmVyc2lvbiI6IjEifQ=="
        }
      ]
    },
    {
      "mode": "managed",
      "type": "aws_launch_template",
      "name": "main",
      "provider": "provider[\"registry.terraform.io/hashicorp/aws\"]",
      "instances": [
        {
          "schema_version": 1,
          "attributes": {
            "arn": "arn:aws:ec2:us-west-2:797495827785:launch-template/lt-0804871c5e84c3e18",
            "block_device_mappings": [
              {
                "device_name": "/dev/xvda",
                "ebs": [
                  {
                    "delete_on_termination": "",
                    "encrypted": "",
                    "iops": 0,
                    "kms_key_id": "",
                    "snapshot_id": "",
                    "throughput": 0,
                    "volume_initialization_rate": 0,
                    "volume_size": 20,
                    "volume_type": "gp3"
                  }
                ],
                "no_device": "",
                "virtual_name": ""
              }
            ],
            "capacity_reservation_specification": [],
            "cpu_options": [],
            "credit_specification": [],
            "default_version": 1,
            "description": "",
            "disable_api_stop": false,
            "disable_api_termination": false,
            "ebs_optimized": "",
            "enclave_options": [],
            "hibernation_options": [],
            "iam_instance_profile": [
              {
                "arn": "",
                "name": "lbr-subnet-router"
              }
            ],
            "id": "lt-0804871c5e84c3e18",
            "image_id": "ami-07929b704805ef1f1",
            "instance_initiated_shutdown_behavior": "",
            "instance_market_options": [],
            "instance_requirements": [],
            "instance_type": "t3.medium",
            "kernel_id": "",
            "key_name": "lbr-subnet-router-key",
            "latest_version": 5,
            "license_specification": [],
            "maintenance_options": [],
            "metadata_options": [
              {
                "http_endpoint": "enabled",
                "http_protocol_ipv6": "",
                "http_put_response_hop_limit": 0,
                "http_tokens": "required",
                "instance_metadata_tags": ""
              }
            ],
            "monitoring": [],
            "name": "lbr-subnet-router",
            "name_prefix": "",
            "network_interfaces": [
              {
                "associate_carrier_ip_address": "",
                "associate_public_ip_address": "true",
                "connection_tracking_specification": [],
                "delete_on_termination": "true",
                "description": "",
                "device_index": 0,
                "ena_srd_specification": [],
                "interface_type": "",
                "ipv4_address_count": 0,
                "ipv4_addresses": [],
                "ipv4_prefix_count": 0,
                "ipv4_prefixes": [],
                "ipv6_address_count": 0,
                "ipv6_addresses": [],
                "ipv6_prefix_count": 0,
                "ipv6_prefixes": [],
                "network_card_index": 0,
                "network_interface_id": "",
                "primary_ipv6": "",
                "private_ip_address": "",
                "security_groups": [
                  "sg-020f94395fff8525b"
                ],
                "subnet_id": "subnet-033a8ec4c1e78935e"
              }
            ],
            "placement": [],
            "private_dns_name_options": [],
            "ram_disk_id": "",
            "region": "us-west-2",
            "security_group_names": [],
            "tag_specifications": [
              {
                "resource_type": "instance",
                "tags": {
                  "Name": "lbr-subnet-router"
                }
              },
              {
                "resource_type": "volume",
                "tags": {
                  "Name": "lbr-subnet-router"
                }
              }
            ],
            "tags": {},
            "tags_all": {},
            "update_default_version": null,
            "user_data": "Q29udGVudC1UeXBlOiBtdWx0aXBhcnQvbWl4ZWQ7IGJvdW5kYXJ5PSJNSU1FQk9VTkRBUlkiCk1JTUUtVmVyc2lvbjogMS4wDQoNCi0tTUlNRUJPVU5EQVJZDQpDb250ZW50LURpc3Bvc2l0aW9uOiBhdHRhY2htZW50OyBmaWxlbmFtZT0iaXBfZm9yd2FyZGluZy5zaCINCkNvbnRlbnQtVHJhbnNmZXItRW5jb2Rpbmc6IDdiaXQNCkNvbnRlbnQtVHlwZTogdGV4dC94LXNoZWxsc2NyaXB0DQpNaW1lLVZlcnNpb246IDEuMA0KDQojIS9iaW4vc2gKZWNobyAic2V0IHJlcXVpcmVkIElQIGZvcndhcmRpbmcga2VybmVsIHZhbHVlcyIKc3VkbyBzeXNjdGwgLXcgbmV0LmlwdjQuaXBfZm9yd2FyZD0xCnN1ZG8gc3lzY3RsIC13IG5ldC5pcHY2LmNvbmYuYWxsLmZvcndhcmRpbmc9MQoNCi0tTUlNRUJPVU5EQVJZDQpDb250ZW50LURpc3Bvc2l0aW9uOiBhdHRhY2htZW50OyBmaWxlbmFtZT0idWRwX29mZmxvYWRzLnNoIg0KQ29udGVudC1UcmFuc2Zlci1FbmNvZGluZzogN2JpdA0KQ29udGVudC1UeXBlOiB0ZXh0L3gtc2hlbGxzY3JpcHQNCk1pbWUtVmVyc2lvbjogMS4wDQoNCiMhL2Jpbi9zaAoKIyBHZXQgdGhlIGN1cnJlbnQga2VybmVsIHZlcnNpb24KY3VycmVudF92ZXJzaW9uPSQodW5hbWUgLXIgfCBjdXQgLWQnLScgLWYxIHwgY3V0IC1kJy4nIC1mMSwyKQoKIyBEZWZpbmUgdGhlIG1pbmltdW0gcmVxdWlyZWQgdmVyc2lvbgpyZXF1aXJlZF92ZXJzaW9uPSI2LjIiCgojIERldGVjdCB0aGUgZGVmYXVsdCBuZXR3b3JrIGRldmljZS4gU2VlIGh0dHBzOi8vdGFpbHNjYWxlLmNvbS9zL2V0aHRvb2wtY29uZmlnLXVkcC1ncm93IGZvciBtb3JlIGluZm9ybWF0aW9uLgpnZXRfZGVmYXVsdF9uZXRkZXYoKSB7CiAgICAjIFRyeSBpcCByb3V0ZSBzaG93IGZpcnN0CiAgICBORVRERVY9JChpcCByb3V0ZSBzaG93IGRlZmF1bHQgfCBhd2sgJy9kZWZhdWx0LyB7cHJpbnQgJDV9JyB8IGhlYWQgLW4xKQogICAgCiAgICAjIElmIGlwIHJvdXRlIHNob3cgZGlkbid0IHdvcmssIHRyeSB1c2luZyAvc3lzL2NsYXNzL25ldAogICAgaWYgWyAteiAiJE5FVERFViIgXTsgdGhlbgogICAgICAgIGZvciBkZXYgaW4gL3N5cy9jbGFzcy9uZXQvKjsgZG8KICAgICAgICAgICAgaWYgWyAiJGRldiIgIT0gIi9zeXMvY2xhc3MvbmV0L2xvIiBdOyB0aGVuCiAgICAgICAgICAgICAgICBORVRERVY9JChiYXNlbmFtZSAiJGRldiIpCiAgICAgICAgICAgICAgICBicmVhawogICAgICAgICAgICBmaQogICAgICAgIGRvbmUKICAgIGZpCiAgICAKICAgICMgSWYgd2Ugc3RpbGwgZG9uJ3QgaGF2ZSBhIG5ldHdvcmsgZGV2aWNlLCB1c2UgYSBmYWxsYmFjawogICAgaWYgWyAteiAiJE5FVERFViIgXTsgdGhlbgogICAgICAgIGVjaG8gImV0aDAiICAjIEZhbGxiYWNrIHRvIGEgY29tbW9uIGRlZmF1bHQKICAgIGVsc2UKICAgICAgICBlY2hvICIkTkVUREVWIgogICAgZmkKfQoKIyBDb21wYXJlIHZlcnNpb25zCmlmIFsgIiQocHJpbnRmICclc1xuJyAiJGN1cnJlbnRfdmVyc2lvbiIgIiRyZXF1aXJlZF92ZXJzaW9uIiB8IHNvcnQgLVYgfCB0YWlsIC1uMSkiID0gIiRjdXJyZW50X3ZlcnNpb24iIF07IHRoZW4KICAgIGVjaG8gIktlcm5lbCB2ZXJzaW9uIGlzIDYuMiBvciBsYXRlci4gRW5hYmxpbmcgb3B0aW1pemF0aW9ucy4uLiIKICAgIE5FVERFVj0kKGdldF9kZWZhdWx0X25ldGRldikKICAgIGlmIFsgLW4gIiRORVRERVYiIF07IHRoZW4KICAgICAgICBlY2hvICJVc2luZyBuZXR3b3JrIGRldmljZTogJE5FVERFViIKICAgICAgICBzdWRvIGV0aHRvb2wgLUsgIiRORVRERVYiIHJ4LXVkcC1ncm8tZm9yd2FyZGluZyBvbiByeC1ncm8tbGlzdCBvZmYKICAgIGVsc2UKICAgICAgICBlY2hvICJFcnJvcjogVW5hYmxlIHRvIGRldGVybWluZSBuZXR3b3JrIGRldmljZS4gRXhpdGluZy4iCiAgICAgICAgZXhpdCAxCiAgICBmaQplbHNlCiAgICBlY2hvICJLZXJuZWwgdmVyc2lvbiBpcyBsZXNzIHRoYW4gNi4yLiBFeGl0aW5nLiIKICAgIGV4aXQgMApmaQoNCi0tTUlNRUJPVU5EQVJZDQpDb250ZW50LURpc3Bvc2l0aW9uOiBhdHRhY2htZW50OyBmaWxlbmFtZT0iaW5zdGFsbF90YWlsc2NhbGUuc2giDQpDb250ZW50LVRyYW5zZmVyLUVuY29kaW5nOiA3Yml0DQpDb250ZW50LVR5cGU6IHRleHQveC1zaGVsbHNjcmlwdA0KTWltZS1WZXJzaW9uOiAxLjANCg0KIyEvYmluL3NoCgojIFZlcmlmeSB3ZSBoYXZlIGludGVybmV0IGNvbm5lY3Rpdml0eQptYXhfcmV0cmllcz0xMApyZXRyeV9kZWxheT0xMAppPTEKCgojIEZ1bmN0aW9uIHRvIGxvZyBtZXNzYWdlcwpsb2coKSB7CiAgICBlY2hvICJbJChkYXRlICcrJVktJW0tJWQgJUg6JU06JVMnKV0gJDEiCn0KCiMgRXhwb3J0IHRoZSBUUkFDSyB2YXJpYWJsZQpUUkFDSz0ic3RhYmxlIgpleHBvcnQgVFJBQ0sKCmxvZyAiU3RhcnRpbmcgVGFpbHNjYWxlIGluc3RhbGxhdGlvbiB3aXRoIFRSQUNLPSRUUkFDSyIKCndoaWxlIFsgJGkgLWxlICRtYXhfcmV0cmllcyBdCmRvCiAgICAjIERvd25sb2FkIGFuZCBydW4gdGhlIFRhaWxzY2FsZSBpbnN0YWxsIHNjcmlwdAogICAgaWYgY3VybCAtZnNTTCBodHRwczovL3RhaWxzY2FsZS5jb20vaW5zdGFsbC5zaCB8IHNoOyB0aGVuCiAgICAgICAgbG9nICJUYWlsc2NhbGUgaW5zdGFsbGF0aW9uIHNjcmlwdCBleGVjdXRlZCBzdWNjZXNzZnVsbHkiCiAgICBlbHNlCiAgICAgICAgbG9nICJFcnJvcjogVGFpbHNjYWxlIGluc3RhbGxhdGlvbiBzY3JpcHQgZmFpbGVkLiBSZXRyeSBhdHRlbXB0ICRpIgogICAgICAgIHNsZWVwICRyZXRyeV9kZWxheQogICAgICAgIGk9JCgoaSArIDEpKQogICAgICAgIGNvbnRpbnVlCiAgICBmaQoKICAgICMgQ2hlY2sgaWYgVGFpbHNjYWxlIGlzIGluc3RhbGxlZCBjb3JyZWN0bHkKICAgIGlmIGNvbW1hbmQgLXYgdGFpbHNjYWxlID4vZGV2L251bGwgMj4mMTsgdGhlbgogICAgICAgIGxvZyAiVGFpbHNjYWxlIGluc3RhbGxlZCBzdWNjZXNzZnVsbHkiCiAgICAgICAgdGFpbHNjYWxlIHZlcnNpb24KICAgICAgICBleGl0IDAKICAgIGVsc2UKICAgICAgICBsb2cgIkVycm9yOiBUYWlsc2NhbGUgaW5zdGFsbGF0aW9uIGNvdWxkIG5vdCBiZSB2ZXJpZmllZC4gUmV0cnkgYXR0ZW1wdCAkaSIKICAgICAgICBzbGVlcCAkcmV0cnlfZGVsYXkKICAgICAgICBpPSQoKGkgKyAxKSkKICAgIGZpCmRvbmUKCmxvZyAiVGFpbHNjYWxlIGluc3RhbGxhdGlvbiBjb21wbGV0ZWQiCmV4aXQgMAoNCi0tTUlNRUJPVU5EQVJZDQpDb250ZW50LURpc3Bvc2l0aW9uOiBhdHRhY2htZW50OyBmaWxlbmFtZT0iY29uZmlndXJlX3RhaWxzY2FsZWQuc2giDQpDb250ZW50LVRyYW5zZmVyLUVuY29kaW5nOiA3Yml0DQpDb250ZW50LVR5cGU6IHRleHQveC1zaGVsbHNjcmlwdA0KTWltZS1WZXJzaW9uOiAxLjANCg0KIyEvYmluL3NoCgojIENvbmZpZ3VyZSB0YWlsc2NhbGVkIGRhZW1vbiBwcmVmZXJlbmNlcyB1c2luZyBzeXN0ZW1kIGRyb3AtaW4KZWNobyAiQ29uZmlndXJpbmcgdGFpbHNjYWxlZCBkYWVtb24gcHJlZmVyZW5jZXMuLi4iCgojIENyZWF0ZSBzeXN0ZW1kIGRyb3AtaW4gZGlyZWN0b3J5CnN1ZG8gbWtkaXIgLXAgL2V0Yy9zeXN0ZW1kL3N5c3RlbS90YWlsc2NhbGVkLnNlcnZpY2UuZAoKIyBCdWlsZCBGTEFHUyBzdHJpbmcgZnJvbSBwcm92aWRlZCBjb25maWd1cmF0aW9uCkZMQUdTPSIiCgoKCgoKCgpGTEFHUz0iJEZMQUdTIC0tcG9ydD00MTY0MSIKCgoKCiMgRGV0ZXJtaW5lIHN0YXRlIGFuZCBzb2NrZXQgZmxhZ3MgLSB1c2UgY3VzdG9tIHZhbHVlcyBpZiBwcm92aWRlZCwgb3RoZXJ3aXNlIHVzZSBkZWZhdWx0cwpTVEFURV9GTEFHPSItLXN0YXRlPS92YXIvbGliL3RhaWxzY2FsZS90YWlsc2NhbGVkLnN0YXRlIgpTT0NLRVRfRkxBRz0iLS1zb2NrZXQ9L3J1bi90YWlsc2NhbGUvdGFpbHNjYWxlZC5zb2NrIgoKClNPQ0tFVF9GTEFHPSItLXNvY2tldD1cIi9ydW4vdGFpbHNjYWxlL3RhaWxzY2FsZWQuc29ja1wiIgoKIyBIYW5kbGUgc3RhdGVkaXIgc2VwYXJhdGVseSBhcyBpdCBhZmZlY3RzIHRoZSBTdGF0ZURpcmVjdG9yeSBzeXN0ZW1kIHNldHRpbmcKU1RBVEVESVJfT1ZFUlJJREU9IlN0YXRlRGlyZWN0b3J5PS92YXIvbGliL3RhaWxzY2FsZS90YWlsc2NhbGVkLnN0YXRlIgoKIyBDcmVhdGUgc3lzdGVtZCBkcm9wLWluIGNvbmZpZ3VyYXRpb24KY2F0IDw8IEVPRiB8IHN1ZG8gdGVlIC9ldGMvc3lzdGVtZC9zeXN0ZW0vdGFpbHNjYWxlZC5zZXJ2aWNlLmQvdGVycmFmb3JtLWNsb3VkaW5pdC10YWlsc2NhbGUuY29uZgpbU2VydmljZV0KRXhlY1N0YXJ0PQpFeGVjU3RhcnQ9L3Vzci9zYmluL3RhaWxzY2FsZWQgJFNUQVRFX0ZMQUcgJFNPQ0tFVF9GTEFHICRGTEFHUwokU1RBVEVESVJfT1ZFUlJJREUKRU9GCgojIFJlbG9hZCBzeXN0ZW1kIGFuZCByZXN0YXJ0IHRhaWxzY2FsZWQgaWYgaXQgd2FzIGFscmVhZHkgcnVubmluZwpzdWRvIHN5c3RlbWN0bCBkYWVtb24tcmVsb2FkCgojIENoZWNrIGlmIHRhaWxzY2FsZWQgaXMgcnVubmluZyBiZWZvcmUgYXR0ZW1wdGluZyByZXN0YXJ0CmlmIHN1ZG8gc3lzdGVtY3RsIGlzLWFjdGl2ZSAtLXF1aWV0IHRhaWxzY2FsZWQ7IHRoZW4KICBlY2hvICJSZXN0YXJ0aW5nIHRhaWxzY2FsZWQgd2l0aCBuZXcgY29uZmlndXJhdGlvbi4uLiIKICBzdWRvIHN5c3RlbWN0bCByZXN0YXJ0IHRhaWxzY2FsZWQKZWxzZQogIGVjaG8gInRhaWxzY2FsZWQgY29uZmlndXJhdGlvbiB1cGRhdGVkLCB3aWxsIGJlIGFwcGxpZWQgb24gbmV4dCBzdGFydCIKZmkKDQotLU1JTUVCT1VOREFSWQ0KQ29udGVudC1EaXNwb3NpdGlvbjogYXR0YWNobWVudDsgZmlsZW5hbWU9InNldHVwX3RhaWxzY2FsZS5zaCINCkNvbnRlbnQtVHJhbnNmZXItRW5jb2Rpbmc6IDdiaXQNCkNvbnRlbnQtVHlwZTogdGV4dC94LXNoZWxsc2NyaXB0DQpNaW1lLVZlcnNpb246IDEuMA0KDQojIS9iaW4vc2gKCiMgVmVyaWZ5IHdlIGhhdmUgaW50ZXJuZXQgY29ubmVjdGl2aXR5Cm1heF9yZXRyaWVzPTEwCnJldHJ5X2RlbGF5PTEwCmk9MQoKd2hpbGUgWyAkaSAtbGUgJG1heF9yZXRyaWVzIF0KZG8KICBzdWRvIHN5c3RlbWN0bCBlbmFibGUgLS1ub3cgdGFpbHNjYWxlZAogIAogICMgQ29uc3RydWN0IHRoZSB0YWlsc2NhbGUgdXAgY29tbWFuZCB3aXRoIGNvbm5lY3Rpb24vYXV0aCBmbGFncwogIHRhaWxzY2FsZV9jbWQ9InRhaWxzY2FsZSB1cCAtLWF1dGhrZXkgXCJ0c2tleS1jbGllbnQta3hhelFIbTdyNzIxQ05UUkwtUDEyM3VxQVhqR2NmTkVEclJmVVBHY1hKNkJFWFk0WGY/ZXBoZW1lcmFsPXRydWUmcHJlYXV0aG9yaXplZD10cnVlXCIgXAogICAgLS1qc29uPVwiZmFsc2VcIiBcCiAgICAtLWxvZ2luLXNlcnZlcj1cImh0dHBzOi8vY29udHJvbHBsYW5lLnRhaWxzY2FsZS5jb21cIiBcCiAgICAtLXJlc2V0PVwiZmFsc2VcIiBcCiAgICAtLXRpbWVvdXQ9XCIwc1wiIFwKICAgIC0tZm9yY2UtcmVhdXRoPVwiZmFsc2VcIiIKICAKICBpZiBbIC1uICJsYnItc3VibmV0LXJvdXRlciIgXTsgdGhlbgogICAgdGFpbHNjYWxlX2NtZD0iJHRhaWxzY2FsZV9jbWQgLS1ob3N0bmFtZT1cImxici1zdWJuZXQtcm91dGVyXCIiCiAgZmkKICAKICAjIEFkZCBhZHZlcnRpc2UtdGFncyB0byB1cCBjb21tYW5kCiAgaWYgWyAtbiAidGFnOndlc3QiIF07IHRoZW4KICAgIHRhaWxzY2FsZV9jbWQ9IiR0YWlsc2NhbGVfY21kIC0tYWR2ZXJ0aXNlLXRhZ3M9XCJ0YWc6d2VzdFwiIgogIGZpCiAgCiAgIyBBZGQgYWR2ZXJ0aXNlLXJvdXRlcyB0byB1cCBjb21tYW5kCiAgaWYgWyAtbiAiMTcyLjE2LjAuMC8xNiIgXTsgdGhlbgogICAgdGFpbHNjYWxlX2NtZD0iJHRhaWxzY2FsZV9jbWQgLS1hZHZlcnRpc2Utcm91dGVzPVwiMTcyLjE2LjAuMC8xNlwiIgogIGZpCiAgCiAgIyBFeGVjdXRlIHRoZSB0YWlsc2NhbGUgdXAgY29tbWFuZAogIGV2YWwgIiR0YWlsc2NhbGVfY21kIgogIAogICMgQ2hlY2sgdGhlIGV4aXQgc3RhdHVzIG9mIHRoZSB0YWlsc2NhbGUgdXAgY29tbWFuZAogIGlmIFsgJD8gLWVxIDAgXTsgdGhlbgogICAgZWNobyAiVGFpbHNjYWxlIHVwIHN1Y2NlZWRlZCwgbm93IGNvbmZpZ3VyaW5nIHNldHRpbmdzLi4uIgogICAgCiAgICAjIENvbmZpZ3VyZSBzZXR0aW5ncyB1c2luZyB0YWlsc2NhbGUgc2V0CiAgICB0YWlsc2NhbGUgc2V0IC0tYWNjZXB0LWRucz0idHJ1ZSIKICAgIHRhaWxzY2FsZSBzZXQgLS1hY2NlcHQtcm91dGVzPSJmYWxzZSIKICAgIHRhaWxzY2FsZSBzZXQgLS1hZHZlcnRpc2UtZXhpdC1ub2RlPSJmYWxzZSIKICAgIHRhaWxzY2FsZSBzZXQgLS1hZHZlcnRpc2UtY29ubmVjdG9yPSJmYWxzZSIKICAgIHRhaWxzY2FsZSBzZXQgLS1zaGllbGRzLXVwPSJmYWxzZSIKICAgIHRhaWxzY2FsZSBzZXQgLS1zc2g9InRydWUiCiAgICB0YWlsc2NhbGUgc2V0IC0tc25hdC1zdWJuZXQtcm91dGVzPSJ0cnVlIgogICAgdGFpbHNjYWxlIHNldCAtLW5ldGZpbHRlci1tb2RlPSJvbiIKICAgIHRhaWxzY2FsZSBzZXQgLS1zdGF0ZWZ1bC1maWx0ZXJpbmc9ImZhbHNlIgogICAgCiAgICBpZiBbIC1uICIiIF07IHRoZW4KICAgICAgdGFpbHNjYWxlIHNldCAtLWV4aXQtbm9kZT0iIgogICAgZmkKICAgIAogICAgaWYgWyAtbiAiZmFsc2UiIF0gJiYgWyAiZmFsc2UiID0gInRydWUiIF07IHRoZW4KICAgICAgdGFpbHNjYWxlIHNldCAtLWV4aXQtbm9kZS1hbGxvdy1sYW4tYWNjZXNzPSJmYWxzZSIKICAgIGZpCiAgICAKICAgIGlmIFsgLW4gIiIgXTsgdGhlbgogICAgICB0YWlsc2NhbGUgc2V0IC0tb3BlcmF0b3I9IiIKICAgIGZpCgogICAgaWYgWyAtbiAiNzg3OCIgXTsgdGhlbgogICAgICB0YWlsc2NhbGUgc2V0IC0tcmVsYXktc2VydmVyLXBvcnQ9Ijc4NzgiCiAgICBmaQogICAgCiAgICBlY2hvICJUYWlsc2NhbGUgaW5zdGFsbGF0aW9uIGFuZCBjb25maWd1cmF0aW9uIHN1Y2NlZWRlZCIKICAgIGV4aXQgMAogIGVsc2UKICAgIGVjaG8gIlRhaWxzY2FsZSB1cCBmYWlsZWQuIFJldHJ5IGF0dGVtcHQgJGkiCiAgICBzbGVlcCAkcmV0cnlfZGVsYXkKICBmaQogIAogIGk9JCgoaSArIDEpKQpkb25lCg0KLS1NSU1FQk9VTkRBUlktLQ0K",
            "vpc_security_group_ids": []
          },
          "sensitive_attributes": [],
          "private": "eyJzY2hlbWFfdmVyc2lvbiI6IjEifQ==",
          "dependencies": [
            "aws_iam_instance_profile.main",
            "aws_iam_role.main",
            "aws_key_pair.main",
            "aws_security_group.tailscale",
            "data.aws_ami.main",
            "module.amz-tailscale-client.data.cloudinit_config.main",
            "module.vpc.aws_subnet.public",
            "module.vpc.aws_vpc.this",
            "module.vpc.aws_vpc_ipv4_cidr_block_association.this"
          ]
        }
      ]
    },
    {
      "mode": "managed",
      "type": "aws_lb",
      "name": "main",
      "provider": "provider[\"registry.terraform.io/hashicorp/aws\"]",
      "instances": [
        {
          "schema_version": 0,
          "attributes": {
            "access_logs": [
              {
                "bucket": "",
                "enabled": false,
                "prefix": ""
              }
            ],
            "arn": "arn:aws:elasticloadbalancing:us-west-2:797495827785:loadbalancer/app/lbr-subnet-router-alb/3c33a6c6f732a952",
            "arn_suffix": "app/lbr-subnet-router-alb/3c33a6c6f732a952",
            "client_keep_alive": 3600,
            "connection_logs": [
              {
                "bucket": "",
                "enabled": false,
                "prefix": ""
              }
            ],
            "customer_owned_ipv4_pool": "",
            "desync_mitigation_mode": "defensive",
            "dns_name": "internal-lbr-subnet-router-alb-1260091833.us-west-2.elb.amazonaws.com",
            "dns_record_client_routing_policy": null,
            "drop_invalid_header_fields": false,
            "enable_cross_zone_load_balancing": true,
            "enable_deletion_protection": false,
            "enable_http2": true,
            "enable_tls_version_and_cipher_suite_headers": false,
            "enable_waf_fail_open": false,
            "enable_xff_client_port": false,
            "enable_zonal_shift": false,
            "enforce_security_group_inbound_rules_on_private_link_traffic": "",
            "id": "arn:aws:elasticloadbalancing:us-west-2:797495827785:loadbalancer/app/lbr-subnet-router-alb/3c33a6c6f732a952",
            "idle_timeout": 60,
            "internal": true,
            "ip_address_type": "ipv4",
            "ipam_pools": [],
            "load_balancer_type": "application",
            "minimum_load_balancer_capacity": [],
            "name": "lbr-subnet-router-alb",
            "name_prefix": "",
            "preserve_host_header": false,
            "region": "us-west-2",
            "secondary_ips_auto_assigned_per_subnet": null,
            "security_groups": [
              "sg-01a0aa93d82558620"
            ],
            "subnet_mapping": [
              {
                "allocation_id": "",
                "ipv6_address": "",
                "outpost_id": "",
                "private_ipv4_address": "",
                "subnet_id": "subnet-020e511a74245e10e"
              },
              {
                "allocation_id": "",
                "ipv6_address": "",
                "outpost_id": "",
                "private_ipv4_address": "",
                "subnet_id": "subnet-0272dbaa9aa777af1"
              },
              {
                "allocation_id": "",
                "ipv6_address": "",
                "outpost_id": "",
                "private_ipv4_address": "",
                "subnet_id": "subnet-0b74574fdcf04f772"
              }
            ],
            "subnets": [
              "subnet-020e511a74245e10e",
              "subnet-0272dbaa9aa777af1",
              "subnet-0b74574fdcf04f772"
            ],
            "tags": {
              "Name": "lbr-subnet-router-alb"
            },
            "tags_all": {
              "Name": "lbr-subnet-router-alb"
            },
            "timeouts": null,
            "vpc_id": "vpc-07950c8dd0adc4262",
            "xff_header_processing_mode": "append",
            "zone_id": "Z1H1FL5HABSF5"
          },
          "sensitive_attributes": [],
          "private": "eyJlMmJmYjczMC1lY2FhLTExZTYtOGY4OC0zNDM2M2JjN2M0YzAiOnsiY3JlYXRlIjo2MDAwMDAwMDAwMDAsImRlbGV0ZSI6NjAwMDAwMDAwMDAwLCJ1cGRhdGUiOjYwMDAwMDAwMDAwMH19",
          "dependencies": [
            "aws_security_group.alb",
            "module.vpc.aws_subnet.private",
            "module.vpc.aws_vpc.this",
            "module.vpc.aws_vpc_ipv4_cidr_block_association.this"
          ]
        }
      ]
    },
    {
      "mode": "managed",
      "type": "aws_lb_listener",
      "name": "http",
      "provider": "provider[\"registry.terraform.io/hashicorp/aws\"]",
      "instances": [
        {
          "schema_version": 0,
          "attributes": {
            "alpn_policy": null,
            "arn": "arn:aws:elasticloadbalancing:us-west-2:797495827785:listener/app/lbr-subnet-router-alb/3c33a6c6f732a952/3b4c9e5eaadba730",
            "certificate_arn": null,
            "default_action": [
              {
                "authenticate_cognito": [],
                "authenticate_oidc": [],
                "fixed_response": [],
                "forward": [],
                "order": 1,
                "redirect": [],
                "target_group_arn": "arn:aws:elasticloadbalancing:us-west-2:797495827785:targetgroup/lbr-subnet-router-app-tg/70415d3912d561c9",
                "type": "forward"
              }
            ],
            "id": "arn:aws:elasticloadbalancing:us-west-2:797495827785:listener/app/lbr-subnet-router-alb/3c33a6c6f732a952/3b4c9e5eaadba730",
            "load_balancer_arn": "arn:aws:elasticloadbalancing:us-west-2:797495827785:loadbalancer/app/lbr-subnet-router-alb/3c33a6c6f732a952",
            "mutual_authentication": [],
            "port": 80,
            "protocol": "HTTP",
            "region": "us-west-2",
            "routing_http_request_x_amzn_mtls_clientcert_header_name": null,
            "routing_http_request_x_amzn_mtls_clientcert_issuer_header_name": null,
            "routing_http_request_x_amzn_mtls_clientcert_leaf_header_name": null,
            "routing_http_request_x_amzn_mtls_clientcert_serial_number_header_name": null,
            "routing_http_request_x_amzn_mtls_clientcert_subject_header_name": null,
            "routing_http_request_x_amzn_mtls_clientcert_validity_header_name": null,
            "routing_http_request_x_amzn_tls_cipher_suite_header_name": null,
            "routing_http_request_x_amzn_tls_version_header_name": null,
            "routing_http_response_access_control_allow_credentials_header_value": "",
            "routing_http_response_access_control_allow_headers_header_value": "",
            "routing_http_response_access_control_allow_methods_header_value": "",
            "routing_http_response_access_control_allow_origin_header_value": "",
            "routing_http_response_access_control_expose_headers_header_value": "",
            "routing_http_response_access_control_max_age_header_value": "",
            "routing_http_response_content_security_policy_header_value": "",
            "routing_http_response_server_enabled": true,
            "routing_http_response_strict_transport_security_header_value": "",
            "routing_http_response_x_content_type_options_header_value": "",
            "routing_http_response_x_frame_options_header_value": "",
            "ssl_policy": "",
            "tags": null,
            "tags_all": {},
            "tcp_idle_timeout_seconds": null,
            "timeouts": null
          },
          "sensitive_attributes": [],
          "private": "eyJlMmJmYjczMC1lY2FhLTExZTYtOGY4OC0zNDM2M2JjN2M0YzAiOnsiY3JlYXRlIjozMDAwMDAwMDAwMDAsInVwZGF0ZSI6MzAwMDAwMDAwMDAwfX0=",
          "dependencies": [
            "aws_lb.main",
            "aws_lb_target_group.app",
            "aws_security_group.alb",
            "module.vpc.aws_subnet.private",
            "module.vpc.aws_vpc.this",
            "module.vpc.aws_vpc_ipv4_cidr_block_association.this"
          ]
        }
      ]
    },
    {
      "mode": "managed",
      "type": "aws_lb_target_group",
      "name": "app",
      "provider": "provider[\"registry.terraform.io/hashicorp/aws\"]",
      "instances": [
        {
          "schema_version": 0,
          "attributes": {
            "arn": "arn:aws:elasticloadbalancing:us-west-2:797495827785:targetgroup/lbr-subnet-router-app-tg/70415d3912d561c9",
            "arn_suffix": "targetgroup/lbr-subnet-router-app-tg/70415d3912d561c9",
            "connection_termination": null,
            "deregistration_delay": "30",
            "health_check": [
              {
                "enabled": true,
                "healthy_threshold": 2,
                "interval": 30,
                "matcher": "200",
                "path": "/health",
                "port": "traffic-port",
                "protocol": "HTTP",
                "timeout": 5,
                "unhealthy_threshold": 3
              }
            ],
            "id": "arn:aws:elasticloadbalancing:us-west-2:797495827785:targetgroup/lbr-subnet-router-app-tg/70415d3912d561c9",
            "ip_address_type": "ipv4",
            "lambda_multi_value_headers_enabled": false,
            "load_balancer_arns": [],
            "load_balancing_algorithm_type": "round_robin",
            "load_balancing_anomaly_mitigation": "off",
            "load_balancing_cross_zone_enabled": "use_load_balancer_configuration",
            "name": "lbr-subnet-router-app-tg",
            "name_prefix": "",
            "port": 8080,
            "preserve_client_ip": null,
            "protocol": "HTTP",
            "protocol_version": "HTTP1",
            "proxy_protocol_v2": false,
            "region": "us-west-2",
            "slow_start": 0,
            "stickiness": [
              {
                "cookie_duration": 86400,
                "cookie_name": "",
                "enabled": false,
                "type": "lb_cookie"
              }
            ],
            "tags": {
              "Name": "lbr-subnet-router-app-tg"
            },
            "tags_all": {
              "Name": "lbr-subnet-router-app-tg"
            },
            "target_failover": [
              {
                "on_deregistration": null,
                "on_unhealthy": null
              }
            ],
            "target_group_health": [
              {
                "dns_failover": [
                  {
                    "minimum_healthy_targets_count": "1",
                    "minimum_healthy_targets_percentage": "off"
                  }
                ],
                "unhealthy_state_routing": [
                  {
                    "minimum_healthy_targets_count": 1,
                    "minimum_healthy_targets_percentage": "off"
                  }
                ]
              }
            ],
            "target_health_state": [
              {
                "enable_unhealthy_connection_termination": null,
                "unhealthy_draining_interval": null
              }
            ],
            "target_type": "ip",
            "vpc_id": "vpc-07950c8dd0adc4262"
          },
          "sensitive_attributes": [],
          "private": "bnVsbA==",
          "dependencies": [
            "module.vpc.aws_vpc.this"
          ]
        }
      ]
    },
    {
      "mode": "managed",
      "type": "aws_secretsmanager_secret",
      "name": "db_password",
      "provider": "provider[\"registry.terraform.io/hashicorp/aws\"]",
      "instances": [
        {
          "schema_version": 0,
          "attributes": {
            "arn": "arn:aws:secretsmanager:us-west-2:797495827785:secret:lbr-subnet-router-db-password-20251020181439365600000001-bTetz1",
            "description": "PostgreSQL database password",
            "force_overwrite_replica_secret": false,
            "id": "arn:aws:secretsmanager:us-west-2:797495827785:secret:lbr-subnet-router-db-password-20251020181439365600000001-bTetz1",
            "kms_key_id": "",
            "name": "lbr-subnet-router-db-password-20251020181439365600000001",
            "name_prefix": "lbr-subnet-router-db-password-",
            "policy": "",
            "recovery_window_in_days": 7,
            "region": "us-west-2",
            "replica": [],
            "tags": {},
            "tags_all": {}
          },
          "sensitive_attributes": [],
          "private": "bnVsbA=="
        }
      ]
    },
    {
      "mode": "managed",
      "type": "aws_secretsmanager_secret",
      "name": "tailscale_auth_key",
      "provider": "provider[\"registry.terraform.io/hashicorp/aws\"]",
      "instances": [
        {
          "schema_version": 0,
          "attributes": {
            "arn": "arn:aws:secretsmanager:us-west-2:797495827785:secret:lbr-subnet-router-tailscale-authkey-20251021162033628300000001-VqmQCp",
            "description": "Tailscale authentication key for ECS tasks",
            "force_overwrite_replica_secret": false,
            "id": "arn:aws:secretsmanager:us-west-2:797495827785:secret:lbr-subnet-router-tailscale-authkey-20251021162033628300000001-VqmQCp",
            "kms_key_id": "",
            "name": "lbr-subnet-router-tailscale-authkey-20251021162033628300000001",
            "name_prefix": "lbr-subnet-router-tailscale-authkey-",
            "policy": "",
            "recovery_window_in_days": 7,
            "region": "us-west-2",
            "replica": [],
            "tags": {
              "Name": "lbr-subnet-router-tailscale-authkey"
            },
            "tags_all": {
              "Name": "lbr-subnet-router-tailscale-authkey"
            }
          },
          "sensitive_attributes": [],
          "private": "bnVsbA=="
        }
      ]
    },
    {
      "mode": "managed",
      "type": "aws_secretsmanager_secret_version",
      "name": "db_password",
      "provider": "provider[\"registry.terraform.io/hashicorp/aws\"]",
      "instances": [
        {
          "schema_version": 0,
          "attributes": {
            "arn": "arn:aws:secretsmanager:us-west-2:797495827785:secret:lbr-subnet-router-db-password-20251020181439365600000001-bTetz1",
            "has_secret_string_wo": null,
            "id": "arn:aws:secretsmanager:us-west-2:797495827785:secret:lbr-subnet-router-db-password-20251020181439365600000001-bTetz1|terraform-20251020182249115800000006",
            "region": "us-west-2",
            "secret_binary": "",
            "secret_id": "arn:aws:secretsmanager:us-west-2:797495827785:secret:lbr-subnet-router-db-password-20251020181439365600000001-bTetz1",
            "secret_string": "{\"dbInstanceIdentifier\":\"db-LQXYI4IYCCBSDUOKLV6BQI3SKA\",\"dbname\":\"appdb\",\"engine\":\"postgres\",\"host\":\"lbr-subnet-router-postgres.cqlh98u5sael.us-west-2.rds.amazonaws.com\",\"password\":\"wh)_}]Y*cbtT\\u003cOhBJe\\u003e9hb68HRBF4g\\u003cJ\",\"port\":5432,\"username\":\"dbadmin\"}",
            "secret_string_wo": null,
            "secret_string_wo_version": null,
            "version_id": "terraform-20251020182249115800000006",
            "version_stages": [
              "AWSCURRENT"
            ]
          },
          "sensitive_attributes": [
            [
              {
                "type": "get_attr",
                "value": "secret_string"
              }
            ],
            [
              {
                "type": "get_attr",
                "value": "secret_binary"
              }
            ],
            [
              {
                "type": "get_attr",
                "value": "secret_string_wo"
              }
            ]
          ],
          "private": "bnVsbA==",
          "dependencies": [
            "aws_db_instance.main",
            "aws_db_subnet_group.main",
            "aws_secretsmanager_secret.db_password",
            "aws_security_group.rds",
            "module.vpc.aws_subnet.private",
            "module.vpc.aws_vpc.this",
            "module.vpc.aws_vpc_ipv4_cidr_block_association.this",
            "random_password.db_password"
          ]
        }
      ]
    },
    {
      "mode": "managed",
      "type": "aws_secretsmanager_secret_version",
      "name": "tailscale_auth_key",
      "provider": "provider[\"registry.terraform.io/hashicorp/aws\"]",
      "instances": [
        {
          "schema_version": 0,
          "attributes": {
            "arn": "arn:aws:secretsmanager:us-west-2:797495827785:secret:lbr-subnet-router-tailscale-authkey-20251021162033628300000001-VqmQCp",
            "has_secret_string_wo": null,
            "id": "arn:aws:secretsmanager:us-west-2:797495827785:secret:lbr-subnet-router-tailscale-authkey-20251021162033628300000001-VqmQCp|terraform-20251021162033975100000006",
            "region": "us-west-2",
            "secret_binary": "",
            "secret_id": "arn:aws:secretsmanager:us-west-2:797495827785:secret:lbr-subnet-router-tailscale-authkey-20251021162033628300000001-VqmQCp",
            "secret_string": "tskey-client-kxazQHm7r721CNTRL-P123uqAXjGcfNEDrRfUPGcXJ6BEXY4Xf?ephemeral=true\u0026preauthorized=true",
            "secret_string_wo": null,
            "secret_string_wo_version": null,
            "version_id": "terraform-20251021162033975100000006",
            "version_stages": [
              "AWSCURRENT"
            ]
          },
          "sensitive_attributes": [
            [
              {
                "type": "get_attr",
                "value": "secret_binary"
              }
            ],
            [
              {
                "type": "get_attr",
                "value": "secret_string_wo"
              }
            ],
            [
              {
                "type": "get_attr",
                "value": "secret_string"
              }
            ]
          ],
          "private": "bnVsbA==",
          "dependencies": [
            "aws_secretsmanager_secret.tailscale_auth_key"
          ]
        }
      ]
    },
    {
      "mode": "managed",
      "type": "aws_security_group",
      "name": "alb",
      "provider": "provider[\"registry.terraform.io/hashicorp/aws\"]",
      "instances": [
        {
          "schema_version": 1,
          "attributes": {
            "arn": "arn:aws:ec2:us-west-2:797495827785:security-group/sg-01a0aa93d82558620",
            "description": "Security group for internal ALB",
            "egress": [
              {
                "cidr_blocks": [
                  "0.0.0.0/0"
                ],
                "description": "Allow all outbound traffic",
                "from_port": 0,
                "ipv6_cidr_blocks": [],
                "prefix_list_ids": [],
                "protocol": "-1",
                "security_groups": [],
                "self": false,
                "to_port": 0
              }
            ],
            "id": "sg-01a0aa93d82558620",
            "ingress": [
              {
                "cidr_blocks": [
                  "172.16.0.0/16"
                ],
                "description": "HTTP from VPC",
                "from_port": 80,
                "ipv6_cidr_blocks": [],
                "prefix_list_ids": [],
                "protocol": "tcp",
                "security_groups": [],
                "self": false,
                "to_port": 80
              },
              {
                "cidr_blocks": [
                  "172.16.0.0/16"
                ],
                "description": "HTTPS from VPC",
                "from_port": 443,
                "ipv6_cidr_blocks": [],
                "prefix_list_ids": [],
                "protocol": "tcp",
                "security_groups": [],
                "self": false,
                "to_port": 443
              }
            ],
            "name": "lbr-subnet-router-alb-20251021162033631400000005",
            "name_prefix": "lbr-subnet-router-alb-",
            "owner_id": "797495827785",
            "region": "us-west-2",
            "revoke_rules_on_delete": false,
            "tags": {
              "Name": "lbr-subnet-router-alb-sg"
            },
            "tags_all": {
              "Name": "lbr-subnet-router-alb-sg"
            },
            "timeouts": null,
            "vpc_id": "vpc-07950c8dd0adc4262"
          },
          "sensitive_attributes": [],
          "private": "eyJlMmJmYjczMC1lY2FhLTExZTYtOGY4OC0zNDM2M2JjN2M0YzAiOnsiY3JlYXRlIjo2MDAwMDAwMDAwMDAsImRlbGV0ZSI6OTAwMDAwMDAwMDAwfSwic2NoZW1hX3ZlcnNpb24iOiIxIn0=",
          "dependencies": [
            "module.vpc.aws_vpc.this"
          ],
          "create_before_destroy": true
        }
      ]
    },
    {
      "mode": "managed",
      "type": "aws_security_group",
      "name": "ecs_tasks",
      "provider": "provider[\"registry.terraform.io/hashicorp/aws\"]",
      "instances": [
        {
          "schema_version": 1,
          "attributes": {
            "arn": "arn:aws:ec2:us-west-2:797495827785:security-group/sg-0a5b3a9bd3b47967a",
            "description": "Security group for ECS tasks",
            "egress": [
              {
                "cidr_blocks": [
                  "0.0.0.0/0"
                ],
                "description": "Allow all outbound traffic",
                "from_port": 0,
                "ipv6_cidr_blocks": [],
                "prefix_list_ids": [],
                "protocol": "-1",
                "security_groups": [],
                "self": false,
                "to_port": 0
              }
            ],
            "id": "sg-0a5b3a9bd3b47967a",
            "ingress": [
              {
                "cidr_blocks": [],
                "description": "HTTP from ALB",
                "from_port": 8080,
                "ipv6_cidr_blocks": [],
                "prefix_list_ids": [],
                "protocol": "tcp",
                "security_groups": [
                  "sg-01a0aa93d82558620"
                ],
                "self": false,
                "to_port": 8080
              }
            ],
            "name": "lbr-subnet-router-ecs-tasks-20251021162036555500000009",
            "name_prefix": "lbr-subnet-router-ecs-tasks-",
            "owner_id": "797495827785",
            "region": "us-west-2",
            "revoke_rules_on_delete": false,
            "tags": {
              "Name": "lbr-subnet-router-ecs-tasks-sg"
            },
            "tags_all": {
              "Name": "lbr-subnet-router-ecs-tasks-sg"
            },
            "timeouts": null,
            "vpc_id": "vpc-07950c8dd0adc4262"
          },
          "sensitive_attributes": [],
          "private": "eyJlMmJmYjczMC1lY2FhLTExZTYtOGY4OC0zNDM2M2JjN2M0YzAiOnsiY3JlYXRlIjo2MDAwMDAwMDAwMDAsImRlbGV0ZSI6OTAwMDAwMDAwMDAwfSwic2NoZW1hX3ZlcnNpb24iOiIxIn0=",
          "dependencies": [
            "aws_security_group.alb",
            "module.vpc.aws_vpc.this"
          ],
          "create_before_destroy": true
        }
      ]
    },
    {
      "mode": "managed",
      "type": "aws_security_group",
      "name": "rds",
      "provider": "provider[\"registry.terraform.io/hashicorp/aws\"]",
      "instances": [
        {
          "schema_version": 1,
          "attributes": {
            "arn": "arn:aws:ec2:us-west-2:797495827785:security-group/sg-09bf43750ef711b5c",
            "description": "Security group for RDS PostgreSQL database",
            "egress": [
              {
                "cidr_blocks": [
                  "0.0.0.0/0"
                ],
                "description": "Allow all outbound traffic",
                "from_port": 0,
                "ipv6_cidr_blocks": [],
                "prefix_list_ids": [],
                "protocol": "-1",
                "security_groups": [],
                "self": false,
                "to_port": 0
              }
            ],
            "id": "sg-09bf43750ef711b5c",
            "ingress": [
              {
                "cidr_blocks": [
                  "172.16.0.0/16"
                ],
                "description": "PostgreSQL from VPC",
                "from_port": 5432,
                "ipv6_cidr_blocks": [],
                "prefix_list_ids": [],
                "protocol": "tcp",
                "security_groups": [],
                "self": false,
                "to_port": 5432
              }
            ],
            "name": "lbr-subnet-router-rds-20251020181439366900000003",
            "name_prefix": "lbr-subnet-router-rds-",
            "owner_id": "797495827785",
            "region": "us-west-2",
            "revoke_rules_on_delete": false,
            "tags": {
              "Name": "lbr-subnet-router-rds-sg"
            },
            "tags_all": {
              "Name": "lbr-subnet-router-rds-sg"
            },
            "timeouts": null,
            "vpc_id": "vpc-07950c8dd0adc4262"
          },
          "sensitive_attributes": [],
          "private": "eyJlMmJmYjczMC1lY2FhLTExZTYtOGY4OC0zNDM2M2JjN2M0YzAiOnsiY3JlYXRlIjo2MDAwMDAwMDAwMDAsImRlbGV0ZSI6OTAwMDAwMDAwMDAwfSwic2NoZW1hX3ZlcnNpb24iOiIxIn0=",
          "dependencies": [
            "module.vpc.aws_vpc.this"
          ],
          "create_before_destroy": true
        }
      ]
    },
    {
      "mode": "managed",
      "type": "aws_security_group",
      "name": "tailscale",
      "provider": "provider[\"registry.terraform.io/hashicorp/aws\"]",
      "instances": [
        {
          "schema_version": 1,
          "attributes": {
            "arn": "arn:aws:ec2:us-west-2:797495827785:security-group/sg-020f94395fff8525b",
            "description": "Security group for Tailscale subnet router",
            "egress": [
              {
                "cidr_blocks": [
                  "0.0.0.0/0"
                ],
                "description": "All outbound traffic",
                "from_port": 0,
                "ipv6_cidr_blocks": [],
                "prefix_list_ids": [],
                "protocol": "-1",
                "security_groups": [],
                "self": false,
                "to_port": 0
              }
            ],
            "id": "sg-020f94395fff8525b",
            "ingress": [
              {
                "cidr_blocks": [
                  "0.0.0.0/0"
                ],
                "description": "SSH access",
                "from_port": 22,
                "ipv6_cidr_blocks": [],
                "prefix_list_ids": [],
                "protocol": "tcp",
                "security_groups": [],
                "self": false,
                "to_port": 22
              },
              {
                "cidr_blocks": [
                  "0.0.0.0/0"
                ],
                "description": "Tailscale UDP",
                "from_port": 41641,
                "ipv6_cidr_blocks": [],
                "prefix_list_ids": [],
                "protocol": "udp",
                "security_groups": [],
                "self": false,
                "to_port": 41641
              },
              {
                "cidr_blocks": [
                  "172.16.0.0/16"
                ],
                "description": "All traffic from VPC",
                "from_port": 0,
                "ipv6_cidr_blocks": [],
                "prefix_list_ids": [],
                "protocol": "-1",
                "security_groups": [],
                "self": false,
                "to_port": 0
              }
            ],
            "name": "lbr-subnet-router-tailscale-20251020181439367200000004",
            "name_prefix": "lbr-subnet-router-tailscale-",
            "owner_id": "797495827785",
            "region": "us-west-2",
            "revoke_rules_on_delete": false,
            "tags": {
              "Name": "lbr-subnet-router-tailscale-sg"
            },
            "tags_all": {
              "Name": "lbr-subnet-router-tailscale-sg"
            },
            "timeouts": null,
            "vpc_id": "vpc-07950c8dd0adc4262"
          },
          "sensitive_attributes": [],
          "private": "eyJlMmJmYjczMC1lY2FhLTExZTYtOGY4OC0zNDM2M2JjN2M0YzAiOnsiY3JlYXRlIjo2MDAwMDAwMDAwMDAsImRlbGV0ZSI6OTAwMDAwMDAwMDAwfSwic2NoZW1hX3ZlcnNpb24iOiIxIn0=",
          "dependencies": [
            "module.vpc.aws_vpc.this"
          ],
          "create_before_destroy": true
        }
      ]
    },
    {
      "mode": "managed",
      "type": "aws_security_group_rule",
      "name": "ecs_to_rds",
      "provider": "provider[\"registry.terraform.io/hashicorp/aws\"]",
      "instances": [
        {
          "schema_version": 2,
          "attributes": {
            "cidr_blocks": null,
            "description": "PostgreSQL from ECS tasks",
            "from_port": 5432,
            "id": "sgrule-2380151110",
            "ipv6_cidr_blocks": null,
            "prefix_list_ids": null,
            "protocol": "tcp",
            "region": "us-west-2",
            "security_group_id": "sg-09bf43750ef711b5c",
            "security_group_rule_id": "sgr-0520d6db8543ee972",
            "self": false,
            "source_security_group_id": "sg-0a5b3a9bd3b47967a",
            "timeouts": null,
            "to_port": 5432,
            "type": "ingress"
          },
          "sensitive_attributes": [],
          "private": "eyJlMmJmYjczMC1lY2FhLTExZTYtOGY4OC0zNDM2M2JjN2M0YzAiOnsiY3JlYXRlIjozMDAwMDAwMDAwMDB9LCJzY2hlbWFfdmVyc2lvbiI6IjIifQ==",
          "dependencies": [
            "aws_security_group.alb",
            "aws_security_group.ecs_tasks",
            "aws_security_group.rds",
            "module.vpc.aws_vpc.this"
          ]
        }
      ]
    },
    {
      "mode": "managed",
      "type": "random_password",
      "name": "db_password",
      "provider": "provider[\"registry.terraform.io/hashicorp/random\"]",
      "instances": [
        {
          "schema_version": 3,
          "attributes": {
            "bcrypt_hash": "$2a$10$w0ZyAwZdcBntE6S.6U.PjeVoDFxJnBVj/IZ3ferdGgckVoV9gLL9G",
            "id": "none",
            "keepers": null,
            "length": 32,
            "lower": true,
            "min_lower": 0,
            "min_numeric": 0,
            "min_special": 0,
            "min_upper": 0,
            "number": true,
            "numeric": true,
            "override_special": "!#$%\u0026*()-_=+[]{}\u003c\u003e:?",
            "result": "wh)_}]Y*cbtT\u003cOhBJe\u003e9hb68HRBF4g\u003cJ",
            "special": true,
            "upper": true
          },
          "sensitive_attributes": [
            [
              {
                "type": "get_attr",
                "value": "bcrypt_hash"
              }
            ],
            [
              {
                "type": "get_attr",
                "value": "result"
              }
            ]
          ]
        }
      ]
    },
    {
      "module": "module.amz-tailscale-client",
      "mode": "data",
      "type": "cloudinit_config",
      "name": "main",
      "provider": "provider[\"registry.terraform.io/hashicorp/cloudinit\"]",
      "instances": [
        {
          "schema_version": 0,
          "attributes": {
            "base64_encode": true,
            "boundary": "MIMEBOUNDARY",
            "gzip": false,
            "id": "205184345",
            "part": [
              {
                "content": "#!/bin/sh\necho \"set required IP forwarding kernel values\"\nsudo sysctl -w net.ipv4.ip_forward=1\nsudo sysctl -w net.ipv6.conf.all.forwarding=1\n",
                "content_type": "text/x-shellscript",
                "filename": "ip_forwarding.sh",
                "merge_type": null
              },
              {
                "content": "#!/bin/sh\n\n# Get the current kernel version\ncurrent_version=$(uname -r | cut -d'-' -f1 | cut -d'.' -f1,2)\n\n# Define the minimum required version\nrequired_version=\"6.2\"\n\n# Detect the default network device. See https://tailscale.com/s/ethtool-config-udp-grow for more information.\nget_default_netdev() {\n    # Try ip route show first\n    NETDEV=$(ip route show default | awk '/default/ {print $5}' | head -n1)\n    \n    # If ip route show didn't work, try using /sys/class/net\n    if [ -z \"$NETDEV\" ]; then\n        for dev in /sys/class/net/*; do\n            if [ \"$dev\" != \"/sys/class/net/lo\" ]; then\n                NETDEV=$(basename \"$dev\")\n                break\n            fi\n        done\n    fi\n    \n    # If we still don't have a network device, use a fallback\n    if [ -z \"$NETDEV\" ]; then\n        echo \"eth0\"  # Fallback to a common default\n    else\n        echo \"$NETDEV\"\n    fi\n}\n\n# Compare versions\nif [ \"$(printf '%s\\n' \"$current_version\" \"$required_version\" | sort -V | tail -n1)\" = \"$current_version\" ]; then\n    echo \"Kernel version is 6.2 or later. Enabling optimizations...\"\n    NETDEV=$(get_default_netdev)\n    if [ -n \"$NETDEV\" ]; then\n        echo \"Using network device: $NETDEV\"\n        sudo ethtool -K \"$NETDEV\" rx-udp-gro-forwarding on rx-gro-list off\n    else\n        echo \"Error: Unable to determine network device. Exiting.\"\n        exit 1\n    fi\nelse\n    echo \"Kernel version is less than 6.2. Exiting.\"\n    exit 0\nfi\n",
                "content_type": "text/x-shellscript",
                "filename": "udp_offloads.sh",
                "merge_type": null
              },
              {
                "content": "#!/bin/sh\n\n# Verify we have internet connectivity\nmax_retries=10\nretry_delay=10\ni=1\n\n\n# Function to log messages\nlog() {\n    echo \"[$(date '+%Y-%m-%d %H:%M:%S')] $1\"\n}\n\n# Export the TRACK variable\nTRACK=\"stable\"\nexport TRACK\n\nlog \"Starting Tailscale installation with TRACK=$TRACK\"\n\nwhile [ $i -le $max_retries ]\ndo\n    # Download and run the Tailscale install script\n    if curl -fsSL https://tailscale.com/install.sh | sh; then\n        log \"Tailscale installation script executed successfully\"\n    else\n        log \"Error: Tailscale installation script failed. Retry attempt $i\"\n        sleep $retry_delay\n        i=$((i + 1))\n        continue\n    fi\n\n    # Check if Tailscale is installed correctly\n    if command -v tailscale \u003e/dev/null 2\u003e\u00261; then\n        log \"Tailscale installed successfully\"\n        tailscale version\n        exit 0\n    else\n        log \"Error: Tailscale installation could not be verified. Retry attempt $i\"\n        sleep $retry_delay\n        i=$((i + 1))\n    fi\ndone\n\nlog \"Tailscale installation completed\"\nexit 0\n",
                "content_type": "text/x-shellscript",
                "filename": "install_tailscale.sh",
                "merge_type": null
              },
              {
                "content": "#!/bin/sh\n\n# Configure tailscaled daemon preferences using systemd drop-in\necho \"Configuring tailscaled daemon preferences...\"\n\n# Create systemd drop-in directory\nsudo mkdir -p /etc/systemd/system/tailscaled.service.d\n\n# Build FLAGS string from provided configuration\nFLAGS=\"\"\n\n\n\n\n\n\n\nFLAGS=\"$FLAGS --port=41641\"\n\n\n\n\n# Determine state and socket flags - use custom values if provided, otherwise use defaults\nSTATE_FLAG=\"--state=/var/lib/tailscale/tailscaled.state\"\nSOCKET_FLAG=\"--socket=/run/tailscale/tailscaled.sock\"\n\n\nSOCKET_FLAG=\"--socket=\\\"/run/tailscale/tailscaled.sock\\\"\"\n\n# Handle statedir separately as it affects the StateDirectory systemd setting\nSTATEDIR_OVERRIDE=\"StateDirectory=/var/lib/tailscale/tailscaled.state\"\n\n# Create systemd drop-in configuration\ncat \u003c\u003c EOF | sudo tee /etc/systemd/system/tailscaled.service.d/terraform-cloudinit-tailscale.conf\n[Service]\nExecStart=\nExecStart=/usr/sbin/tailscaled $STATE_FLAG $SOCKET_FLAG $FLAGS\n$STATEDIR_OVERRIDE\nEOF\n\n# Reload systemd and restart tailscaled if it was already running\nsudo systemctl daemon-reload\n\n# Check if tailscaled is running before attempting restart\nif sudo systemctl is-active --quiet tailscaled; then\n  echo \"Restarting tailscaled with new configuration...\"\n  sudo systemctl restart tailscaled\nelse\n  echo \"tailscaled configuration updated, will be applied on next start\"\nfi\n",
                "content_type": "text/x-shellscript",
                "filename": "configure_tailscaled.sh",
                "merge_type": null
              },
              {
                "content": "#!/bin/sh\n\n# Verify we have internet connectivity\nmax_retries=10\nretry_delay=10\ni=1\n\nwhile [ $i -le $max_retries ]\ndo\n  sudo systemctl enable --now tailscaled\n  \n  # Construct the tailscale up command with connection/auth flags\n  tailscale_cmd=\"tailscale up --authkey \\\"tskey-client-kxazQHm7r721CNTRL-P123uqAXjGcfNEDrRfUPGcXJ6BEXY4Xf?ephemeral=true\u0026preauthorized=true\\\" \\\n    --json=\\\"false\\\" \\\n    --login-server=\\\"https://controlplane.tailscale.com\\\" \\\n    --reset=\\\"false\\\" \\\n    --timeout=\\\"0s\\\" \\\n    --force-reauth=\\\"false\\\"\"\n  \n  if [ -n \"lbr-subnet-router\" ]; then\n    tailscale_cmd=\"$tailscale_cmd --hostname=\\\"lbr-subnet-router\\\"\"\n  fi\n  \n  # Add advertise-tags to up command\n  if [ -n \"tag:west\" ]; then\n    tailscale_cmd=\"$tailscale_cmd --advertise-tags=\\\"tag:west\\\"\"\n  fi\n  \n  # Add advertise-routes to up command\n  if [ -n \"172.16.0.0/16\" ]; then\n    tailscale_cmd=\"$tailscale_cmd --advertise-routes=\\\"172.16.0.0/16\\\"\"\n  fi\n  \n  # Execute the tailscale up command\n  eval \"$tailscale_cmd\"\n  \n  # Check the exit status of the tailscale up command\n  if [ $? -eq 0 ]; then\n    echo \"Tailscale up succeeded, now configuring settings...\"\n    \n    # Configure settings using tailscale set\n    tailscale set --accept-dns=\"true\"\n    tailscale set --accept-routes=\"false\"\n    tailscale set --advertise-exit-node=\"false\"\n    tailscale set --advertise-connector=\"false\"\n    tailscale set --shields-up=\"false\"\n    tailscale set --ssh=\"true\"\n    tailscale set --snat-subnet-routes=\"true\"\n    tailscale set --netfilter-mode=\"on\"\n    tailscale set --stateful-filtering=\"false\"\n    \n    if [ -n \"\" ]; then\n      tailscale set --exit-node=\"\"\n    fi\n    \n    if [ -n \"false\" ] \u0026\u0026 [ \"false\" = \"true\" ]; then\n      tailscale set --exit-node-allow-lan-access=\"false\"\n    fi\n    \n    if [ -n \"\" ]; then\n      tailscale set --operator=\"\"\n    fi\n\n    if [ -n \"7878\" ]; then\n      tailscale set --relay-server-port=\"7878\"\n    fi\n    \n    echo \"Tailscale installation and configuration succeeded\"\n    exit 0\n  else\n    echo \"Tailscale up failed. Retry attempt $i\"\n    sleep $retry_delay\n  fi\n  \n  i=$((i + 1))\ndone\n",
                "content_type": "text/x-shellscript",
                "filename": "setup_tailscale.sh",
                "merge_type": null
              }
            ],
            "rendered": "Q29udGVudC1UeXBlOiBtdWx0aXBhcnQvbWl4ZWQ7IGJvdW5kYXJ5PSJNSU1FQk9VTkRBUlkiCk1JTUUtVmVyc2lvbjogMS4wDQoNCi0tTUlNRUJPVU5EQVJZDQpDb250ZW50LURpc3Bvc2l0aW9uOiBhdHRhY2htZW50OyBmaWxlbmFtZT0iaXBfZm9yd2FyZGluZy5zaCINCkNvbnRlbnQtVHJhbnNmZXItRW5jb2Rpbmc6IDdiaXQNCkNvbnRlbnQtVHlwZTogdGV4dC94LXNoZWxsc2NyaXB0DQpNaW1lLVZlcnNpb246IDEuMA0KDQojIS9iaW4vc2gKZWNobyAic2V0IHJlcXVpcmVkIElQIGZvcndhcmRpbmcga2VybmVsIHZhbHVlcyIKc3VkbyBzeXNjdGwgLXcgbmV0LmlwdjQuaXBfZm9yd2FyZD0xCnN1ZG8gc3lzY3RsIC13IG5ldC5pcHY2LmNvbmYuYWxsLmZvcndhcmRpbmc9MQoNCi0tTUlNRUJPVU5EQVJZDQpDb250ZW50LURpc3Bvc2l0aW9uOiBhdHRhY2htZW50OyBmaWxlbmFtZT0idWRwX29mZmxvYWRzLnNoIg0KQ29udGVudC1UcmFuc2Zlci1FbmNvZGluZzogN2JpdA0KQ29udGVudC1UeXBlOiB0ZXh0L3gtc2hlbGxzY3JpcHQNCk1pbWUtVmVyc2lvbjogMS4wDQoNCiMhL2Jpbi9zaAoKIyBHZXQgdGhlIGN1cnJlbnQga2VybmVsIHZlcnNpb24KY3VycmVudF92ZXJzaW9uPSQodW5hbWUgLXIgfCBjdXQgLWQnLScgLWYxIHwgY3V0IC1kJy4nIC1mMSwyKQoKIyBEZWZpbmUgdGhlIG1pbmltdW0gcmVxdWlyZWQgdmVyc2lvbgpyZXF1aXJlZF92ZXJzaW9uPSI2LjIiCgojIERldGVjdCB0aGUgZGVmYXVsdCBuZXR3b3JrIGRldmljZS4gU2VlIGh0dHBzOi8vdGFpbHNjYWxlLmNvbS9zL2V0aHRvb2wtY29uZmlnLXVkcC1ncm93IGZvciBtb3JlIGluZm9ybWF0aW9uLgpnZXRfZGVmYXVsdF9uZXRkZXYoKSB7CiAgICAjIFRyeSBpcCByb3V0ZSBzaG93IGZpcnN0CiAgICBORVRERVY9JChpcCByb3V0ZSBzaG93IGRlZmF1bHQgfCBhd2sgJy9kZWZhdWx0LyB7cHJpbnQgJDV9JyB8IGhlYWQgLW4xKQogICAgCiAgICAjIElmIGlwIHJvdXRlIHNob3cgZGlkbid0IHdvcmssIHRyeSB1c2luZyAvc3lzL2NsYXNzL25ldAogICAgaWYgWyAteiAiJE5FVERFViIgXTsgdGhlbgogICAgICAgIGZvciBkZXYgaW4gL3N5cy9jbGFzcy9uZXQvKjsgZG8KICAgICAgICAgICAgaWYgWyAiJGRldiIgIT0gIi9zeXMvY2xhc3MvbmV0L2xvIiBdOyB0aGVuCiAgICAgICAgICAgICAgICBORVRERVY9JChiYXNlbmFtZSAiJGRldiIpCiAgICAgICAgICAgICAgICBicmVhawogICAgICAgICAgICBmaQogICAgICAgIGRvbmUKICAgIGZpCiAgICAKICAgICMgSWYgd2Ugc3RpbGwgZG9uJ3QgaGF2ZSBhIG5ldHdvcmsgZGV2aWNlLCB1c2UgYSBmYWxsYmFjawogICAgaWYgWyAteiAiJE5FVERFViIgXTsgdGhlbgogICAgICAgIGVjaG8gImV0aDAiICAjIEZhbGxiYWNrIHRvIGEgY29tbW9uIGRlZmF1bHQKICAgIGVsc2UKICAgICAgICBlY2hvICIkTkVUREVWIgogICAgZmkKfQoKIyBDb21wYXJlIHZlcnNpb25zCmlmIFsgIiQocHJpbnRmICclc1xuJyAiJGN1cnJlbnRfdmVyc2lvbiIgIiRyZXF1aXJlZF92ZXJzaW9uIiB8IHNvcnQgLVYgfCB0YWlsIC1uMSkiID0gIiRjdXJyZW50X3ZlcnNpb24iIF07IHRoZW4KICAgIGVjaG8gIktlcm5lbCB2ZXJzaW9uIGlzIDYuMiBvciBsYXRlci4gRW5hYmxpbmcgb3B0aW1pemF0aW9ucy4uLiIKICAgIE5FVERFVj0kKGdldF9kZWZhdWx0X25ldGRldikKICAgIGlmIFsgLW4gIiRORVRERVYiIF07IHRoZW4KICAgICAgICBlY2hvICJVc2luZyBuZXR3b3JrIGRldmljZTogJE5FVERFViIKICAgICAgICBzdWRvIGV0aHRvb2wgLUsgIiRORVRERVYiIHJ4LXVkcC1ncm8tZm9yd2FyZGluZyBvbiByeC1ncm8tbGlzdCBvZmYKICAgIGVsc2UKICAgICAgICBlY2hvICJFcnJvcjogVW5hYmxlIHRvIGRldGVybWluZSBuZXR3b3JrIGRldmljZS4gRXhpdGluZy4iCiAgICAgICAgZXhpdCAxCiAgICBmaQplbHNlCiAgICBlY2hvICJLZXJuZWwgdmVyc2lvbiBpcyBsZXNzIHRoYW4gNi4yLiBFeGl0aW5nLiIKICAgIGV4aXQgMApmaQoNCi0tTUlNRUJPVU5EQVJZDQpDb250ZW50LURpc3Bvc2l0aW9uOiBhdHRhY2htZW50OyBmaWxlbmFtZT0iaW5zdGFsbF90YWlsc2NhbGUuc2giDQpDb250ZW50LVRyYW5zZmVyLUVuY29kaW5nOiA3Yml0DQpDb250ZW50LVR5cGU6IHRleHQveC1zaGVsbHNjcmlwdA0KTWltZS1WZXJzaW9uOiAxLjANCg0KIyEvYmluL3NoCgojIFZlcmlmeSB3ZSBoYXZlIGludGVybmV0IGNvbm5lY3Rpdml0eQptYXhfcmV0cmllcz0xMApyZXRyeV9kZWxheT0xMAppPTEKCgojIEZ1bmN0aW9uIHRvIGxvZyBtZXNzYWdlcwpsb2coKSB7CiAgICBlY2hvICJbJChkYXRlICcrJVktJW0tJWQgJUg6JU06JVMnKV0gJDEiCn0KCiMgRXhwb3J0IHRoZSBUUkFDSyB2YXJpYWJsZQpUUkFDSz0ic3RhYmxlIgpleHBvcnQgVFJBQ0sKCmxvZyAiU3RhcnRpbmcgVGFpbHNjYWxlIGluc3RhbGxhdGlvbiB3aXRoIFRSQUNLPSRUUkFDSyIKCndoaWxlIFsgJGkgLWxlICRtYXhfcmV0cmllcyBdCmRvCiAgICAjIERvd25sb2FkIGFuZCBydW4gdGhlIFRhaWxzY2FsZSBpbnN0YWxsIHNjcmlwdAogICAgaWYgY3VybCAtZnNTTCBodHRwczovL3RhaWxzY2FsZS5jb20vaW5zdGFsbC5zaCB8IHNoOyB0aGVuCiAgICAgICAgbG9nICJUYWlsc2NhbGUgaW5zdGFsbGF0aW9uIHNjcmlwdCBleGVjdXRlZCBzdWNjZXNzZnVsbHkiCiAgICBlbHNlCiAgICAgICAgbG9nICJFcnJvcjogVGFpbHNjYWxlIGluc3RhbGxhdGlvbiBzY3JpcHQgZmFpbGVkLiBSZXRyeSBhdHRlbXB0ICRpIgogICAgICAgIHNsZWVwICRyZXRyeV9kZWxheQogICAgICAgIGk9JCgoaSArIDEpKQogICAgICAgIGNvbnRpbnVlCiAgICBmaQoKICAgICMgQ2hlY2sgaWYgVGFpbHNjYWxlIGlzIGluc3RhbGxlZCBjb3JyZWN0bHkKICAgIGlmIGNvbW1hbmQgLXYgdGFpbHNjYWxlID4vZGV2L251bGwgMj4mMTsgdGhlbgogICAgICAgIGxvZyAiVGFpbHNjYWxlIGluc3RhbGxlZCBzdWNjZXNzZnVsbHkiCiAgICAgICAgdGFpbHNjYWxlIHZlcnNpb24KICAgICAgICBleGl0IDAKICAgIGVsc2UKICAgICAgICBsb2cgIkVycm9yOiBUYWlsc2NhbGUgaW5zdGFsbGF0aW9uIGNvdWxkIG5vdCBiZSB2ZXJpZmllZC4gUmV0cnkgYXR0ZW1wdCAkaSIKICAgICAgICBzbGVlcCAkcmV0cnlfZGVsYXkKICAgICAgICBpPSQoKGkgKyAxKSkKICAgIGZpCmRvbmUKCmxvZyAiVGFpbHNjYWxlIGluc3RhbGxhdGlvbiBjb21wbGV0ZWQiCmV4aXQgMAoNCi0tTUlNRUJPVU5EQVJZDQpDb250ZW50LURpc3Bvc2l0aW9uOiBhdHRhY2htZW50OyBmaWxlbmFtZT0iY29uZmlndXJlX3RhaWxzY2FsZWQuc2giDQpDb250ZW50LVRyYW5zZmVyLUVuY29kaW5nOiA3Yml0DQpDb250ZW50LVR5cGU6IHRleHQveC1zaGVsbHNjcmlwdA0KTWltZS1WZXJzaW9uOiAxLjANCg0KIyEvYmluL3NoCgojIENvbmZpZ3VyZSB0YWlsc2NhbGVkIGRhZW1vbiBwcmVmZXJlbmNlcyB1c2luZyBzeXN0ZW1kIGRyb3AtaW4KZWNobyAiQ29uZmlndXJpbmcgdGFpbHNjYWxlZCBkYWVtb24gcHJlZmVyZW5jZXMuLi4iCgojIENyZWF0ZSBzeXN0ZW1kIGRyb3AtaW4gZGlyZWN0b3J5CnN1ZG8gbWtkaXIgLXAgL2V0Yy9zeXN0ZW1kL3N5c3RlbS90YWlsc2NhbGVkLnNlcnZpY2UuZAoKIyBCdWlsZCBGTEFHUyBzdHJpbmcgZnJvbSBwcm92aWRlZCBjb25maWd1cmF0aW9uCkZMQUdTPSIiCgoKCgoKCgpGTEFHUz0iJEZMQUdTIC0tcG9ydD00MTY0MSIKCgoKCiMgRGV0ZXJtaW5lIHN0YXRlIGFuZCBzb2NrZXQgZmxhZ3MgLSB1c2UgY3VzdG9tIHZhbHVlcyBpZiBwcm92aWRlZCwgb3RoZXJ3aXNlIHVzZSBkZWZhdWx0cwpTVEFURV9GTEFHPSItLXN0YXRlPS92YXIvbGliL3RhaWxzY2FsZS90YWlsc2NhbGVkLnN0YXRlIgpTT0NLRVRfRkxBRz0iLS1zb2NrZXQ9L3J1bi90YWlsc2NhbGUvdGFpbHNjYWxlZC5zb2NrIgoKClNPQ0tFVF9GTEFHPSItLXNvY2tldD1cIi9ydW4vdGFpbHNjYWxlL3RhaWxzY2FsZWQuc29ja1wiIgoKIyBIYW5kbGUgc3RhdGVkaXIgc2VwYXJhdGVseSBhcyBpdCBhZmZlY3RzIHRoZSBTdGF0ZURpcmVjdG9yeSBzeXN0ZW1kIHNldHRpbmcKU1RBVEVESVJfT1ZFUlJJREU9IlN0YXRlRGlyZWN0b3J5PS92YXIvbGliL3RhaWxzY2FsZS90YWlsc2NhbGVkLnN0YXRlIgoKIyBDcmVhdGUgc3lzdGVtZCBkcm9wLWluIGNvbmZpZ3VyYXRpb24KY2F0IDw8IEVPRiB8IHN1ZG8gdGVlIC9ldGMvc3lzdGVtZC9zeXN0ZW0vdGFpbHNjYWxlZC5zZXJ2aWNlLmQvdGVycmFmb3JtLWNsb3VkaW5pdC10YWlsc2NhbGUuY29uZgpbU2VydmljZV0KRXhlY1N0YXJ0PQpFeGVjU3RhcnQ9L3Vzci9zYmluL3RhaWxzY2FsZWQgJFNUQVRFX0ZMQUcgJFNPQ0tFVF9GTEFHICRGTEFHUwokU1RBVEVESVJfT1ZFUlJJREUKRU9GCgojIFJlbG9hZCBzeXN0ZW1kIGFuZCByZXN0YXJ0IHRhaWxzY2FsZWQgaWYgaXQgd2FzIGFscmVhZHkgcnVubmluZwpzdWRvIHN5c3RlbWN0bCBkYWVtb24tcmVsb2FkCgojIENoZWNrIGlmIHRhaWxzY2FsZWQgaXMgcnVubmluZyBiZWZvcmUgYXR0ZW1wdGluZyByZXN0YXJ0CmlmIHN1ZG8gc3lzdGVtY3RsIGlzLWFjdGl2ZSAtLXF1aWV0IHRhaWxzY2FsZWQ7IHRoZW4KICBlY2hvICJSZXN0YXJ0aW5nIHRhaWxzY2FsZWQgd2l0aCBuZXcgY29uZmlndXJhdGlvbi4uLiIKICBzdWRvIHN5c3RlbWN0bCByZXN0YXJ0IHRhaWxzY2FsZWQKZWxzZQogIGVjaG8gInRhaWxzY2FsZWQgY29uZmlndXJhdGlvbiB1cGRhdGVkLCB3aWxsIGJlIGFwcGxpZWQgb24gbmV4dCBzdGFydCIKZmkKDQotLU1JTUVCT1VOREFSWQ0KQ29udGVudC1EaXNwb3NpdGlvbjogYXR0YWNobWVudDsgZmlsZW5hbWU9InNldHVwX3RhaWxzY2FsZS5zaCINCkNvbnRlbnQtVHJhbnNmZXItRW5jb2Rpbmc6IDdiaXQNCkNvbnRlbnQtVHlwZTogdGV4dC94LXNoZWxsc2NyaXB0DQpNaW1lLVZlcnNpb246IDEuMA0KDQojIS9iaW4vc2gKCiMgVmVyaWZ5IHdlIGhhdmUgaW50ZXJuZXQgY29ubmVjdGl2aXR5Cm1heF9yZXRyaWVzPTEwCnJldHJ5X2RlbGF5PTEwCmk9MQoKd2hpbGUgWyAkaSAtbGUgJG1heF9yZXRyaWVzIF0KZG8KICBzdWRvIHN5c3RlbWN0bCBlbmFibGUgLS1ub3cgdGFpbHNjYWxlZAogIAogICMgQ29uc3RydWN0IHRoZSB0YWlsc2NhbGUgdXAgY29tbWFuZCB3aXRoIGNvbm5lY3Rpb24vYXV0aCBmbGFncwogIHRhaWxzY2FsZV9jbWQ9InRhaWxzY2FsZSB1cCAtLWF1dGhrZXkgXCJ0c2tleS1jbGllbnQta3hhelFIbTdyNzIxQ05UUkwtUDEyM3VxQVhqR2NmTkVEclJmVVBHY1hKNkJFWFk0WGY/ZXBoZW1lcmFsPXRydWUmcHJlYXV0aG9yaXplZD10cnVlXCIgXAogICAgLS1qc29uPVwiZmFsc2VcIiBcCiAgICAtLWxvZ2luLXNlcnZlcj1cImh0dHBzOi8vY29udHJvbHBsYW5lLnRhaWxzY2FsZS5jb21cIiBcCiAgICAtLXJlc2V0PVwiZmFsc2VcIiBcCiAgICAtLXRpbWVvdXQ9XCIwc1wiIFwKICAgIC0tZm9yY2UtcmVhdXRoPVwiZmFsc2VcIiIKICAKICBpZiBbIC1uICJsYnItc3VibmV0LXJvdXRlciIgXTsgdGhlbgogICAgdGFpbHNjYWxlX2NtZD0iJHRhaWxzY2FsZV9jbWQgLS1ob3N0bmFtZT1cImxici1zdWJuZXQtcm91dGVyXCIiCiAgZmkKICAKICAjIEFkZCBhZHZlcnRpc2UtdGFncyB0byB1cCBjb21tYW5kCiAgaWYgWyAtbiAidGFnOndlc3QiIF07IHRoZW4KICAgIHRhaWxzY2FsZV9jbWQ9IiR0YWlsc2NhbGVfY21kIC0tYWR2ZXJ0aXNlLXRhZ3M9XCJ0YWc6d2VzdFwiIgogIGZpCiAgCiAgIyBBZGQgYWR2ZXJ0aXNlLXJvdXRlcyB0byB1cCBjb21tYW5kCiAgaWYgWyAtbiAiMTcyLjE2LjAuMC8xNiIgXTsgdGhlbgogICAgdGFpbHNjYWxlX2NtZD0iJHRhaWxzY2FsZV9jbWQgLS1hZHZlcnRpc2Utcm91dGVzPVwiMTcyLjE2LjAuMC8xNlwiIgogIGZpCiAgCiAgIyBFeGVjdXRlIHRoZSB0YWlsc2NhbGUgdXAgY29tbWFuZAogIGV2YWwgIiR0YWlsc2NhbGVfY21kIgogIAogICMgQ2hlY2sgdGhlIGV4aXQgc3RhdHVzIG9mIHRoZSB0YWlsc2NhbGUgdXAgY29tbWFuZAogIGlmIFsgJD8gLWVxIDAgXTsgdGhlbgogICAgZWNobyAiVGFpbHNjYWxlIHVwIHN1Y2NlZWRlZCwgbm93IGNvbmZpZ3VyaW5nIHNldHRpbmdzLi4uIgogICAgCiAgICAjIENvbmZpZ3VyZSBzZXR0aW5ncyB1c2luZyB0YWlsc2NhbGUgc2V0CiAgICB0YWlsc2NhbGUgc2V0IC0tYWNjZXB0LWRucz0idHJ1ZSIKICAgIHRhaWxzY2FsZSBzZXQgLS1hY2NlcHQtcm91dGVzPSJmYWxzZSIKICAgIHRhaWxzY2FsZSBzZXQgLS1hZHZlcnRpc2UtZXhpdC1ub2RlPSJmYWxzZSIKICAgIHRhaWxzY2FsZSBzZXQgLS1hZHZlcnRpc2UtY29ubmVjdG9yPSJmYWxzZSIKICAgIHRhaWxzY2FsZSBzZXQgLS1zaGllbGRzLXVwPSJmYWxzZSIKICAgIHRhaWxzY2FsZSBzZXQgLS1zc2g9InRydWUiCiAgICB0YWlsc2NhbGUgc2V0IC0tc25hdC1zdWJuZXQtcm91dGVzPSJ0cnVlIgogICAgdGFpbHNjYWxlIHNldCAtLW5ldGZpbHRlci1tb2RlPSJvbiIKICAgIHRhaWxzY2FsZSBzZXQgLS1zdGF0ZWZ1bC1maWx0ZXJpbmc9ImZhbHNlIgogICAgCiAgICBpZiBbIC1uICIiIF07IHRoZW4KICAgICAgdGFpbHNjYWxlIHNldCAtLWV4aXQtbm9kZT0iIgogICAgZmkKICAgIAogICAgaWYgWyAtbiAiZmFsc2UiIF0gJiYgWyAiZmFsc2UiID0gInRydWUiIF07IHRoZW4KICAgICAgdGFpbHNjYWxlIHNldCAtLWV4aXQtbm9kZS1hbGxvdy1sYW4tYWNjZXNzPSJmYWxzZSIKICAgIGZpCiAgICAKICAgIGlmIFsgLW4gIiIgXTsgdGhlbgogICAgICB0YWlsc2NhbGUgc2V0IC0tb3BlcmF0b3I9IiIKICAgIGZpCgogICAgaWYgWyAtbiAiNzg3OCIgXTsgdGhlbgogICAgICB0YWlsc2NhbGUgc2V0IC0tcmVsYXktc2VydmVyLXBvcnQ9Ijc4NzgiCiAgICBmaQogICAgCiAgICBlY2hvICJUYWlsc2NhbGUgaW5zdGFsbGF0aW9uIGFuZCBjb25maWd1cmF0aW9uIHN1Y2NlZWRlZCIKICAgIGV4aXQgMAogIGVsc2UKICAgIGVjaG8gIlRhaWxzY2FsZSB1cCBmYWlsZWQuIFJldHJ5IGF0dGVtcHQgJGkiCiAgICBzbGVlcCAkcmV0cnlfZGVsYXkKICBmaQogIAogIGk9JCgoaSArIDEpKQpkb25lCg0KLS1NSU1FQk9VTkRBUlktLQ0K"
          },
          "sensitive_attributes": [
            [
              {
                "type": "get_attr",
                "value": "part"
              },
              {
                "type": "index",
                "value": {
                  "value": 4,
                  "type": "number"
                }
              },
              {
                "type": "get_attr",
                "value": "content"
              }
            ]
          ]
        }
      ]
    },
    {
      "module": "module.vpc",
      "mode": "managed",
      "type": "aws_default_network_acl",
      "name": "this",
      "provider": "provider[\"registry.terraform.io/hashicorp/aws\"]",
      "instances": [
        {
          "index_key": 0,
          "schema_version": 0,
          "attributes": {
            "arn": "arn:aws:ec2:us-west-2:797495827785:network-acl/acl-0cb3a7d3bec7b4301",
            "default_network_acl_id": "acl-0cb3a7d3bec7b4301",
            "egress": [
              {
                "action": "allow",
                "cidr_block": "",
                "from_port": 0,
                "icmp_code": 0,
                "icmp_type": 0,
                "ipv6_cidr_block": "::/0",
                "protocol": "-1",
                "rule_no": 101,
                "to_port": 0
              },
              {
                "action": "allow",
                "cidr_block": "0.0.0.0/0",
                "from_port": 0,
                "icmp_code": 0,
                "icmp_type": 0,
                "ipv6_cidr_block": "",
                "protocol": "-1",
                "rule_no": 100,
                "to_port": 0
              }
            ],
            "id": "acl-0cb3a7d3bec7b4301",
            "ingress": [
              {
                "action": "allow",
                "cidr_block": "",
                "from_port": 0,
                "icmp_code": 0,
                "icmp_type": 0,
                "ipv6_cidr_block": "::/0",
                "protocol": "-1",
                "rule_no": 101,
                "to_port": 0
              },
              {
                "action": "allow",
                "cidr_block": "0.0.0.0/0",
                "from_port": 0,
                "icmp_code": 0,
                "icmp_type": 0,
                "ipv6_cidr_block": "",
                "protocol": "-1",
                "rule_no": 100,
                "to_port": 0
              }
            ],
            "owner_id": "797495827785",
            "region": "us-west-2",
            "subnet_ids": [
              "subnet-020e511a74245e10e",
              "subnet-0272dbaa9aa777af1",
              "subnet-033a8ec4c1e78935e",
              "subnet-045b6ec501976f5b9",
              "subnet-0ab5210bf49d380a0",
              "subnet-0b74574fdcf04f772"
            ],
            "tags": {
              "Name": "lbr-vpc-west-default"
            },
            "tags_all": {
              "Name": "lbr-vpc-west-default"
            },
            "vpc_id": "vpc-07950c8dd0adc4262"
          },
          "sensitive_attributes": [],
          "private": "bnVsbA==",
          "dependencies": [
            "module.vpc.aws_vpc.this"
          ]
        }
      ]
    },
    {
      "module": "module.vpc",
      "mode": "managed",
      "type": "aws_default_route_table",
      "name": "default",
      "provider": "provider[\"registry.terraform.io/hashicorp/aws\"]",
      "instances": [
        {
          "index_key": 0,
          "schema_version": 0,
          "attributes": {
            "arn": "arn:aws:ec2:us-west-2:797495827785:route-table/rtb-080d0ba1e5ab572a3",
            "default_route_table_id": "rtb-080d0ba1e5ab572a3",
            "id": "rtb-080d0ba1e5ab572a3",
            "owner_id": "797495827785",
            "propagating_vgws": [],
            "region": "us-west-2",
            "route": [],
            "tags": {
              "Name": "lbr-vpc-west-default"
            },
            "tags_all": {
              "Name": "lbr-vpc-west-default"
            },
            "timeouts": {
              "create": "5m",
              "update": "5m"
            },
            "vpc_id": "vpc-07950c8dd0adc4262"
          },
          "sensitive_attributes": [],
          "private": "eyJlMmJmYjczMC1lY2FhLTExZTYtOGY4OC0zNDM2M2JjN2M0YzAiOnsiY3JlYXRlIjozMDAwMDAwMDAwMDAsInVwZGF0ZSI6MzAwMDAwMDAwMDAwfX0=",
          "dependencies": [
            "module.vpc.aws_vpc.this"
          ]
        }
      ]
    },
    {
      "module": "module.vpc",
      "mode": "managed",
      "type": "aws_default_security_group",
      "name": "this",
      "provider": "provider[\"registry.terraform.io/hashicorp/aws\"]",
      "instances": [
        {
          "index_key": 0,
          "schema_version": 1,
          "attributes": {
            "arn": "arn:aws:ec2:us-west-2:797495827785:security-group/sg-0fd2040abb29c1504",
            "description": "default VPC security group",
            "egress": [],
            "id": "sg-0fd2040abb29c1504",
            "ingress": [],
            "name": "default",
            "name_prefix": "",
            "owner_id": "797495827785",
            "region": "us-west-2",
            "revoke_rules_on_delete": false,
            "tags": {
              "Name": "lbr-vpc-west-default"
            },
            "tags_all": {
              "Name": "lbr-vpc-west-default"
            },
            "vpc_id": "vpc-07950c8dd0adc4262"
          },
          "sensitive_attributes": [],
          "private": "eyJzY2hlbWFfdmVyc2lvbiI6IjEifQ==",
          "dependencies": [
            "module.vpc.aws_vpc.this"
          ]
        }
      ]
    },
    {
      "module": "module.vpc",
      "mode": "managed",
      "type": "aws_eip",
      "name": "nat",
      "provider": "provider[\"registry.terraform.io/hashicorp/aws\"]",
      "instances": [
        {
          "index_key": 0,
          "schema_version": 0,
          "attributes": {
            "address": null,
            "allocation_id": "eipalloc-04c26e9bb859aa02b",
            "arn": "arn:aws:ec2:us-west-2:797495827785:elastic-ip/eipalloc-04c26e9bb859aa02b",
            "associate_with_private_ip": null,
            "association_id": "eipassoc-0c31db24edd505e56",
            "carrier_ip": "",
            "customer_owned_ip": "",
            "customer_owned_ipv4_pool": "",
            "domain": "vpc",
            "id": "eipalloc-04c26e9bb859aa02b",
            "instance": "",
            "ipam_pool_id": null,
            "network_border_group": "us-west-2",
            "network_interface": "eni-0e1d1fd7caaeb9d7e",
            "private_dns": "ip-172-16-3-47.us-west-2.compute.internal",
            "private_ip": "172.16.3.47",
            "ptr_record": "",
            "public_dns": "ec2-35-83-241-17.us-west-2.compute.amazonaws.com",
            "public_ip": "35.83.241.17",
            "public_ipv4_pool": "amazon",
            "region": "us-west-2",
            "tags": {
              "Name": "lbr-vpc-west-us-west-2a"
            },
            "tags_all": {
              "Name": "lbr-vpc-west-us-west-2a"
            },
            "timeouts": null
          },
          "sensitive_attributes": [],
          "private": "eyJlMmJmYjczMC1lY2FhLTExZTYtOGY4OC0zNDM2M2JjN2M0YzAiOnsiZGVsZXRlIjoxODAwMDAwMDAwMDAsInJlYWQiOjkwMDAwMDAwMDAwMCwidXBkYXRlIjozMDAwMDAwMDAwMDB9fQ==",
          "dependencies": [
            "module.vpc.aws_internet_gateway.this",
            "module.vpc.aws_vpc.this",
            "module.vpc.aws_vpc_ipv4_cidr_block_association.this"
          ]
        },
        {
          "index_key": 1,
          "schema_version": 0,
          "attributes": {
            "address": null,
            "allocation_id": "eipalloc-0406bfc45cb455c3e",
            "arn": "arn:aws:ec2:us-west-2:797495827785:elastic-ip/eipalloc-0406bfc45cb455c3e",
            "associate_with_private_ip": null,
            "association_id": "eipassoc-0e622ffae791975ca",
            "carrier_ip": "",
            "customer_owned_ip": "",
            "customer_owned_ipv4_pool": "",
            "domain": "vpc",
            "id": "eipalloc-0406bfc45cb455c3e",
            "instance": "",
            "ipam_pool_id": null,
            "network_border_group": "us-west-2",
            "network_interface": "eni-0b865da62f50c262c",
            "private_dns": "ip-172-16-4-251.us-west-2.compute.internal",
            "private_ip": "172.16.4.251",
            "ptr_record": "",
            "public_dns": "ec2-54-149-46-39.us-west-2.compute.amazonaws.com",
            "public_ip": "54.149.46.39",
            "public_ipv4_pool": "amazon",
            "region": "us-west-2",
            "tags": {
              "Name": "lbr-vpc-west-us-west-2b"
            },
            "tags_all": {
              "Name": "lbr-vpc-west-us-west-2b"
            },
            "timeouts": null
          },
          "sensitive_attributes": [],
          "private": "eyJlMmJmYjczMC1lY2FhLTExZTYtOGY4OC0zNDM2M2JjN2M0YzAiOnsiZGVsZXRlIjoxODAwMDAwMDAwMDAsInJlYWQiOjkwMDAwMDAwMDAwMCwidXBkYXRlIjozMDAwMDAwMDAwMDB9fQ==",
          "dependencies": [
            "module.vpc.aws_internet_gateway.this",
            "module.vpc.aws_vpc.this",
            "module.vpc.aws_vpc_ipv4_cidr_block_association.this"
          ]
        },
        {
          "index_key": 2,
          "schema_version": 0,
          "attributes": {
            "address": null,
            "allocation_id": "eipalloc-0dfc516e792b7fdc5",
            "arn": "arn:aws:ec2:us-west-2:797495827785:elastic-ip/eipalloc-0dfc516e792b7fdc5",
            "associate_with_private_ip": null,
            "association_id": "eipassoc-00ed927e76457a2a1",
            "carrier_ip": "",
            "customer_owned_ip": "",
            "customer_owned_ipv4_pool": "",
            "domain": "vpc",
            "id": "eipalloc-0dfc516e792b7fdc5",
            "instance": "",
            "ipam_pool_id": null,
            "network_border_group": "us-west-2",
            "network_interface": "eni-08000b5d61e7ecbc1",
            "private_dns": "ip-172-16-5-65.us-west-2.compute.internal",
            "private_ip": "172.16.5.65",
            "ptr_record": "",
            "public_dns": "ec2-16-144-85-6.us-west-2.compute.amazonaws.com",
            "public_ip": "16.144.85.6",
            "public_ipv4_pool": "amazon",
            "region": "us-west-2",
            "tags": {
              "Name": "lbr-vpc-west-us-west-2c"
            },
            "tags_all": {
              "Name": "lbr-vpc-west-us-west-2c"
            },
            "timeouts": null
          },
          "sensitive_attributes": [],
          "private": "eyJlMmJmYjczMC1lY2FhLTExZTYtOGY4OC0zNDM2M2JjN2M0YzAiOnsiZGVsZXRlIjoxODAwMDAwMDAwMDAsInJlYWQiOjkwMDAwMDAwMDAwMCwidXBkYXRlIjozMDAwMDAwMDAwMDB9fQ==",
          "dependencies": [
            "module.vpc.aws_internet_gateway.this",
            "module.vpc.aws_vpc.this",
            "module.vpc.aws_vpc_ipv4_cidr_block_association.this"
          ]
        }
      ]
    },
    {
      "module": "module.vpc",
      "mode": "managed",
      "type": "aws_internet_gateway",
      "name": "this",
      "provider": "provider[\"registry.terraform.io/hashicorp/aws\"]",
      "instances": [
        {
          "index_key": 0,
          "schema_version": 0,
          "attributes": {
            "arn": "arn:aws:ec2:us-west-2:797495827785:internet-gateway/igw-0dec53e210bfc97b6",
            "id": "igw-0dec53e210bfc97b6",
            "owner_id": "797495827785",
            "region": "us-west-2",
            "tags": {
              "Name": "lbr-vpc-west"
            },
            "tags_all": {
              "Name": "lbr-vpc-west"
            },
            "timeouts": null,
            "vpc_id": "vpc-07950c8dd0adc4262"
          },
          "sensitive_attributes": [],
          "private": "eyJlMmJmYjczMC1lY2FhLTExZTYtOGY4OC0zNDM2M2JjN2M0YzAiOnsiY3JlYXRlIjoxMjAwMDAwMDAwMDAwLCJkZWxldGUiOjEyMDAwMDAwMDAwMDAsInVwZGF0ZSI6MTIwMDAwMDAwMDAwMH19",
          "dependencies": [
            "module.vpc.aws_vpc.this",
            "module.vpc.aws_vpc_ipv4_cidr_block_association.this"
          ]
        }
      ]
    },
    {
      "module": "module.vpc",
      "mode": "managed",
      "type": "aws_nat_gateway",
      "name": "this",
      "provider": "provider[\"registry.terraform.io/hashicorp/aws\"]",
      "instances": [
        {
          "index_key": 0,
          "schema_version": 0,
          "attributes": {
            "allocation_id": "eipalloc-04c26e9bb859aa02b",
            "association_id": "eipassoc-0c31db24edd505e56",
            "connectivity_type": "public",
            "id": "nat-0f75ab92bae1d15c1",
            "network_interface_id": "eni-0e1d1fd7caaeb9d7e",
            "private_ip": "172.16.3.47",
            "public_ip": "35.83.241.17",
            "region": "us-west-2",
            "secondary_allocation_ids": [],
            "secondary_private_ip_address_count": 0,
            "secondary_private_ip_addresses": [],
            "subnet_id": "subnet-033a8ec4c1e78935e",
            "tags": {
              "Name": "lbr-vpc-west-us-west-2a"
            },
            "tags_all": {
              "Name": "lbr-vpc-west-us-west-2a"
            },
            "timeouts": null
          },
          "sensitive_attributes": [],
          "private": "eyJlMmJmYjczMC1lY2FhLTExZTYtOGY4OC0zNDM2M2JjN2M0YzAiOnsiY3JlYXRlIjo2MDAwMDAwMDAwMDAsImRlbGV0ZSI6MTgwMDAwMDAwMDAwMCwidXBkYXRlIjo2MDAwMDAwMDAwMDB9fQ==",
          "dependencies": [
            "module.vpc.aws_eip.nat",
            "module.vpc.aws_internet_gateway.this",
            "module.vpc.aws_subnet.public",
            "module.vpc.aws_vpc.this",
            "module.vpc.aws_vpc_ipv4_cidr_block_association.this"
          ]
        },
        {
          "index_key": 1,
          "schema_version": 0,
          "attributes": {
            "allocation_id": "eipalloc-0406bfc45cb455c3e",
            "association_id": "eipassoc-0e622ffae791975ca",
            "connectivity_type": "public",
            "id": "nat-06a635e119394d4ba",
            "network_interface_id": "eni-0b865da62f50c262c",
            "private_ip": "172.16.4.251",
            "public_ip": "54.149.46.39",
            "region": "us-west-2",
            "secondary_allocation_ids": [],
            "secondary_private_ip_address_count": 0,
            "secondary_private_ip_addresses": [],
            "subnet_id": "subnet-0ab5210bf49d380a0",
            "tags": {
              "Name": "lbr-vpc-west-us-west-2b"
            },
            "tags_all": {
              "Name": "lbr-vpc-west-us-west-2b"
            },
            "timeouts": null
          },
          "sensitive_attributes": [],
          "private": "eyJlMmJmYjczMC1lY2FhLTExZTYtOGY4OC0zNDM2M2JjN2M0YzAiOnsiY3JlYXRlIjo2MDAwMDAwMDAwMDAsImRlbGV0ZSI6MTgwMDAwMDAwMDAwMCwidXBkYXRlIjo2MDAwMDAwMDAwMDB9fQ==",
          "dependencies": [
            "module.vpc.aws_eip.nat",
            "module.vpc.aws_internet_gateway.this",
            "module.vpc.aws_subnet.public",
            "module.vpc.aws_vpc.this",
            "module.vpc.aws_vpc_ipv4_cidr_block_association.this"
          ]
        },
        {
          "index_key": 2,
          "schema_version": 0,
          "attributes": {
            "allocation_id": "eipalloc-0dfc516e792b7fdc5",
            "association_id": "eipassoc-00ed927e76457a2a1",
            "connectivity_type": "public",
            "id": "nat-058ab2c19d089e6c5",
            "network_interface_id": "eni-08000b5d61e7ecbc1",
            "private_ip": "172.16.5.65",
            "public_ip": "16.144.85.6",
            "region": "us-west-2",
            "secondary_allocation_ids": [],
            "secondary_private_ip_address_count": 0,
            "secondary_private_ip_addresses": [],
            "subnet_id": "subnet-045b6ec501976f5b9",
            "tags": {
              "Name": "lbr-vpc-west-us-west-2c"
            },
            "tags_all": {
              "Name": "lbr-vpc-west-us-west-2c"
            },
            "timeouts": null
          },
          "sensitive_attributes": [],
          "private": "eyJlMmJmYjczMC1lY2FhLTExZTYtOGY4OC0zNDM2M2JjN2M0YzAiOnsiY3JlYXRlIjo2MDAwMDAwMDAwMDAsImRlbGV0ZSI6MTgwMDAwMDAwMDAwMCwidXBkYXRlIjo2MDAwMDAwMDAwMDB9fQ==",
          "dependencies": [
            "module.vpc.aws_eip.nat",
            "module.vpc.aws_internet_gateway.this",
            "module.vpc.aws_subnet.public",
            "module.vpc.aws_vpc.this",
            "module.vpc.aws_vpc_ipv4_cidr_block_association.this"
          ]
        }
      ]
    },
    {
      "module": "module.vpc",
      "mode": "managed",
      "type": "aws_route",
      "name": "private_nat_gateway",
      "provider": "provider[\"registry.terraform.io/hashicorp/aws\"]",
      "instances": [
        {
          "index_key": 0,
          "schema_version": 0,
          "attributes": {
            "carrier_gateway_id": "",
            "core_network_arn": "",
            "destination_cidr_block": "0.0.0.0/0",
            "destination_ipv6_cidr_block": "",
            "destination_prefix_list_id": "",
            "egress_only_gateway_id": "",
            "gateway_id": "",
            "id": "r-rtb-0f52ec1fc07a1c34d1080289494",
            "instance_id": "",
            "instance_owner_id": "",
            "local_gateway_id": "",
            "nat_gateway_id": "nat-0f75ab92bae1d15c1",
            "network_interface_id": "",
            "origin": "CreateRoute",
            "region": "us-west-2",
            "route_table_id": "rtb-0f52ec1fc07a1c34d",
            "state": "active",
            "timeouts": {
              "create": "5m",
              "delete": null,
              "update": null
            },
            "transit_gateway_id": "",
            "vpc_endpoint_id": "",
            "vpc_peering_connection_id": ""
          },
          "sensitive_attributes": [],
          "private": "eyJlMmJmYjczMC1lY2FhLTExZTYtOGY4OC0zNDM2M2JjN2M0YzAiOnsiY3JlYXRlIjozMDAwMDAwMDAwMDAsImRlbGV0ZSI6MzAwMDAwMDAwMDAwLCJ1cGRhdGUiOjEyMDAwMDAwMDAwMH19",
          "dependencies": [
            "module.vpc.aws_eip.nat",
            "module.vpc.aws_internet_gateway.this",
            "module.vpc.aws_nat_gateway.this",
            "module.vpc.aws_route_table.private",
            "module.vpc.aws_subnet.public",
            "module.vpc.aws_vpc.this",
            "module.vpc.aws_vpc_ipv4_cidr_block_association.this"
          ]
        },
        {
          "index_key": 1,
          "schema_version": 0,
          "attributes": {
            "carrier_gateway_id": "",
            "core_network_arn": "",
            "destination_cidr_block": "0.0.0.0/0",
            "destination_ipv6_cidr_block": "",
            "destination_prefix_list_id": "",
            "egress_only_gateway_id": "",
            "gateway_id": "",
            "id": "r-rtb-070b47bf4d0e8dd011080289494",
            "instance_id": "",
            "instance_owner_id": "",
            "local_gateway_id": "",
            "nat_gateway_id": "nat-06a635e119394d4ba",
            "network_interface_id": "",
            "origin": "CreateRoute",
            "region": "us-west-2",
            "route_table_id": "rtb-070b47bf4d0e8dd01",
            "state": "active",
            "timeouts": {
              "create": "5m",
              "delete": null,
              "update": null
            },
            "transit_gateway_id": "",
            "vpc_endpoint_id": "",
            "vpc_peering_connection_id": ""
          },
          "sensitive_attributes": [],
          "private": "eyJlMmJmYjczMC1lY2FhLTExZTYtOGY4OC0zNDM2M2JjN2M0YzAiOnsiY3JlYXRlIjozMDAwMDAwMDAwMDAsImRlbGV0ZSI6MzAwMDAwMDAwMDAwLCJ1cGRhdGUiOjEyMDAwMDAwMDAwMH19",
          "dependencies": [
            "module.vpc.aws_eip.nat",
            "module.vpc.aws_internet_gateway.this",
            "module.vpc.aws_nat_gateway.this",
            "module.vpc.aws_route_table.private",
            "module.vpc.aws_subnet.public",
            "module.vpc.aws_vpc.this",
            "module.vpc.aws_vpc_ipv4_cidr_block_association.this"
          ]
        },
        {
          "index_key": 2,
          "schema_version": 0,
          "attributes": {
            "carrier_gateway_id": "",
            "core_network_arn": "",
            "destination_cidr_block": "0.0.0.0/0",
            "destination_ipv6_cidr_block": "",
            "destination_prefix_list_id": "",
            "egress_only_gateway_id": "",
            "gateway_id": "",
            "id": "r-rtb-0a67c138cd82d4edb1080289494",
            "instance_id": "",
            "instance_owner_id": "",
            "local_gateway_id": "",
            "nat_gateway_id": "nat-058ab2c19d089e6c5",
            "network_interface_id": "",
            "origin": "CreateRoute",
            "region": "us-west-2",
            "route_table_id": "rtb-0a67c138cd82d4edb",
            "state": "active",
            "timeouts": {
              "create": "5m",
              "delete": null,
              "update": null
            },
            "transit_gateway_id": "",
            "vpc_endpoint_id": "",
            "vpc_peering_connection_id": ""
          },
          "sensitive_attributes": [],
          "private": "eyJlMmJmYjczMC1lY2FhLTExZTYtOGY4OC0zNDM2M2JjN2M0YzAiOnsiY3JlYXRlIjozMDAwMDAwMDAwMDAsImRlbGV0ZSI6MzAwMDAwMDAwMDAwLCJ1cGRhdGUiOjEyMDAwMDAwMDAwMH19",
          "dependencies": [
            "module.vpc.aws_eip.nat",
            "module.vpc.aws_internet_gateway.this",
            "module.vpc.aws_nat_gateway.this",
            "module.vpc.aws_route_table.private",
            "module.vpc.aws_subnet.public",
            "module.vpc.aws_vpc.this",
            "module.vpc.aws_vpc_ipv4_cidr_block_association.this"
          ]
        }
      ]
    },
    {
      "module": "module.vpc",
      "mode": "managed",
      "type": "aws_route",
      "name": "public_internet_gateway",
      "provider": "provider[\"registry.terraform.io/hashicorp/aws\"]",
      "instances": [
        {
          "index_key": 0,
          "schema_version": 0,
          "attributes": {
            "carrier_gateway_id": "",
            "core_network_arn": "",
            "destination_cidr_block": "0.0.0.0/0",
            "destination_ipv6_cidr_block": "",
            "destination_prefix_list_id": "",
            "egress_only_gateway_id": "",
            "gateway_id": "igw-0dec53e210bfc97b6",
            "id": "r-rtb-0ca47648057ed5fc01080289494",
            "instance_id": "",
            "instance_owner_id": "",
            "local_gateway_id": "",
            "nat_gateway_id": "",
            "network_interface_id": "",
            "origin": "CreateRoute",
            "region": "us-west-2",
            "route_table_id": "rtb-0ca47648057ed5fc0",
            "state": "active",
            "timeouts": {
              "create": "5m",
              "delete": null,
              "update": null
            },
            "transit_gateway_id": "",
            "vpc_endpoint_id": "",
            "vpc_peering_connection_id": ""
          },
          "sensitive_attributes": [],
          "private": "eyJlMmJmYjczMC1lY2FhLTExZTYtOGY4OC0zNDM2M2JjN2M0YzAiOnsiY3JlYXRlIjozMDAwMDAwMDAwMDAsImRlbGV0ZSI6MzAwMDAwMDAwMDAwLCJ1cGRhdGUiOjEyMDAwMDAwMDAwMH19",
          "dependencies": [
            "module.vpc.aws_internet_gateway.this",
            "module.vpc.aws_route_table.public",
            "module.vpc.aws_vpc.this",
            "module.vpc.aws_vpc_ipv4_cidr_block_association.this"
          ]
        }
      ]
    },
    {
      "module": "module.vpc",
      "mode": "managed",
      "type": "aws_route_table",
      "name": "private",
      "provider": "provider[\"registry.terraform.io/hashicorp/aws\"]",
      "instances": [
        {
          "index_key": 0,
          "schema_version": 0,
          "attributes": {
            "arn": "arn:aws:ec2:us-west-2:797495827785:route-table/rtb-0f52ec1fc07a1c34d",
            "id": "rtb-0f52ec1fc07a1c34d",
            "owner_id": "797495827785",
            "propagating_vgws": [],
            "region": "us-west-2",
            "route": [
              {
                "carrier_gateway_id": "",
                "cidr_block": "0.0.0.0/0",
                "core_network_arn": "",
                "destination_prefix_list_id": "",
                "egress_only_gateway_id": "",
                "gateway_id": "",
                "ipv6_cidr_block": "",
                "local_gateway_id": "",
                "nat_gateway_id": "nat-0f75ab92bae1d15c1",
                "network_interface_id": "",
                "transit_gateway_id": "",
                "vpc_endpoint_id": "",
                "vpc_peering_connection_id": ""
              }
            ],
            "tags": {
              "Name": "lbr-vpc-west-private-us-west-2a"
            },
            "tags_all": {
              "Name": "lbr-vpc-west-private-us-west-2a"
            },
            "timeouts": null,
            "vpc_id": "vpc-07950c8dd0adc4262"
          },
          "sensitive_attributes": [],
          "private": "eyJlMmJmYjczMC1lY2FhLTExZTYtOGY4OC0zNDM2M2JjN2M0YzAiOnsiY3JlYXRlIjozMDAwMDAwMDAwMDAsImRlbGV0ZSI6MzAwMDAwMDAwMDAwLCJ1cGRhdGUiOjEyMDAwMDAwMDAwMH19",
          "dependencies": [
            "module.vpc.aws_vpc.this",
            "module.vpc.aws_vpc_ipv4_cidr_block_association.this"
          ]
        },
        {
          "index_key": 1,
          "schema_version": 0,
          "attributes": {
            "arn": "arn:aws:ec2:us-west-2:797495827785:route-table/rtb-070b47bf4d0e8dd01",
            "id": "rtb-070b47bf4d0e8dd01",
            "owner_id": "797495827785",
            "propagating_vgws": [],
            "region": "us-west-2",
            "route": [
              {
                "carrier_gateway_id": "",
                "cidr_block": "0.0.0.0/0",
                "core_network_arn": "",
                "destination_prefix_list_id": "",
                "egress_only_gateway_id": "",
                "gateway_id": "",
                "ipv6_cidr_block": "",
                "local_gateway_id": "",
                "nat_gateway_id": "nat-06a635e119394d4ba",
                "network_interface_id": "",
                "transit_gateway_id": "",
                "vpc_endpoint_id": "",
                "vpc_peering_connection_id": ""
              }
            ],
            "tags": {
              "Name": "lbr-vpc-west-private-us-west-2b"
            },
            "tags_all": {
              "Name": "lbr-vpc-west-private-us-west-2b"
            },
            "timeouts": null,
            "vpc_id": "vpc-07950c8dd0adc4262"
          },
          "sensitive_attributes": [],
          "private": "eyJlMmJmYjczMC1lY2FhLTExZTYtOGY4OC0zNDM2M2JjN2M0YzAiOnsiY3JlYXRlIjozMDAwMDAwMDAwMDAsImRlbGV0ZSI6MzAwMDAwMDAwMDAwLCJ1cGRhdGUiOjEyMDAwMDAwMDAwMH19",
          "dependencies": [
            "module.vpc.aws_vpc.this",
            "module.vpc.aws_vpc_ipv4_cidr_block_association.this"
          ]
        },
        {
          "index_key": 2,
          "schema_version": 0,
          "attributes": {
            "arn": "arn:aws:ec2:us-west-2:797495827785:route-table/rtb-0a67c138cd82d4edb",
            "id": "rtb-0a67c138cd82d4edb",
            "owner_id": "797495827785",
            "propagating_vgws": [],
            "region": "us-west-2",
            "route": [
              {
                "carrier_gateway_id": "",
                "cidr_block": "0.0.0.0/0",
                "core_network_arn": "",
                "destination_prefix_list_id": "",
                "egress_only_gateway_id": "",
                "gateway_id": "",
                "ipv6_cidr_block": "",
                "local_gateway_id": "",
                "nat_gateway_id": "nat-058ab2c19d089e6c5",
                "network_interface_id": "",
                "transit_gateway_id": "",
                "vpc_endpoint_id": "",
                "vpc_peering_connection_id": ""
              }
            ],
            "tags": {
              "Name": "lbr-vpc-west-private-us-west-2c"
            },
            "tags_all": {
              "Name": "lbr-vpc-west-private-us-west-2c"
            },
            "timeouts": null,
            "vpc_id": "vpc-07950c8dd0adc4262"
          },
          "sensitive_attributes": [],
          "private": "eyJlMmJmYjczMC1lY2FhLTExZTYtOGY4OC0zNDM2M2JjN2M0YzAiOnsiY3JlYXRlIjozMDAwMDAwMDAwMDAsImRlbGV0ZSI6MzAwMDAwMDAwMDAwLCJ1cGRhdGUiOjEyMDAwMDAwMDAwMH19",
          "dependencies": [
            "module.vpc.aws_vpc.this",
            "module.vpc.aws_vpc_ipv4_cidr_block_association.this"
          ]
        }
      ]
    },
    {
      "module": "module.vpc",
      "mode": "managed",
      "type": "aws_route_table",
      "name": "public",
      "provider": "provider[\"registry.terraform.io/hashicorp/aws\"]",
      "instances": [
        {
          "index_key": 0,
          "schema_version": 0,
          "attributes": {
            "arn": "arn:aws:ec2:us-west-2:797495827785:route-table/rtb-0ca47648057ed5fc0",
            "id": "rtb-0ca47648057ed5fc0",
            "owner_id": "797495827785",
            "propagating_vgws": [],
            "region": "us-west-2",
            "route": [
              {
                "carrier_gateway_id": "",
                "cidr_block": "0.0.0.0/0",
                "core_network_arn": "",
                "destination_prefix_list_id": "",
                "egress_only_gateway_id": "",
                "gateway_id": "igw-0dec53e210bfc97b6",
                "ipv6_cidr_block": "",
                "local_gateway_id": "",
                "nat_gateway_id": "",
                "network_interface_id": "",
                "transit_gateway_id": "",
                "vpc_endpoint_id": "",
                "vpc_peering_connection_id": ""
              }
            ],
            "tags": {
              "Name": "lbr-vpc-west-public"
            },
            "tags_all": {
              "Name": "lbr-vpc-west-public"
            },
            "timeouts": null,
            "vpc_id": "vpc-07950c8dd0adc4262"
          },
          "sensitive_attributes": [],
          "private": "eyJlMmJmYjczMC1lY2FhLTExZTYtOGY4OC0zNDM2M2JjN2M0YzAiOnsiY3JlYXRlIjozMDAwMDAwMDAwMDAsImRlbGV0ZSI6MzAwMDAwMDAwMDAwLCJ1cGRhdGUiOjEyMDAwMDAwMDAwMH19",
          "dependencies": [
            "module.vpc.aws_vpc.this",
            "module.vpc.aws_vpc_ipv4_cidr_block_association.this"
          ]
        }
      ]
    },
    {
      "module": "module.vpc",
      "mode": "managed",
      "type": "aws_route_table_association",
      "name": "private",
      "provider": "provider[\"registry.terraform.io/hashicorp/aws\"]",
      "instances": [
        {
          "index_key": 0,
          "schema_version": 0,
          "attributes": {
            "gateway_id": "",
            "id": "rtbassoc-0abcae3c508337ee3",
            "region": "us-west-2",
            "route_table_id": "rtb-0f52ec1fc07a1c34d",
            "subnet_id": "subnet-0272dbaa9aa777af1",
            "timeouts": null
          },
          "sensitive_attributes": [],
          "private": "eyJlMmJmYjczMC1lY2FhLTExZTYtOGY4OC0zNDM2M2JjN2M0YzAiOnsiY3JlYXRlIjozMDAwMDAwMDAwMDAsImRlbGV0ZSI6MzAwMDAwMDAwMDAwLCJ1cGRhdGUiOjEyMDAwMDAwMDAwMH19",
          "dependencies": [
            "module.vpc.aws_route_table.private",
            "module.vpc.aws_subnet.private",
            "module.vpc.aws_vpc.this",
            "module.vpc.aws_vpc_ipv4_cidr_block_association.this"
          ]
        },
        {
          "index_key": 1,
          "schema_version": 0,
          "attributes": {
            "gateway_id": "",
            "id": "rtbassoc-0ef6638730ec4b61b",
            "region": "us-west-2",
            "route_table_id": "rtb-070b47bf4d0e8dd01",
            "subnet_id": "subnet-020e511a74245e10e",
            "timeouts": null
          },
          "sensitive_attributes": [],
          "private": "eyJlMmJmYjczMC1lY2FhLTExZTYtOGY4OC0zNDM2M2JjN2M0YzAiOnsiY3JlYXRlIjozMDAwMDAwMDAwMDAsImRlbGV0ZSI6MzAwMDAwMDAwMDAwLCJ1cGRhdGUiOjEyMDAwMDAwMDAwMH19",
          "dependencies": [
            "module.vpc.aws_route_table.private",
            "module.vpc.aws_subnet.private",
            "module.vpc.aws_vpc.this",
            "module.vpc.aws_vpc_ipv4_cidr_block_association.this"
          ]
        },
        {
          "index_key": 2,
          "schema_version": 0,
          "attributes": {
            "gateway_id": "",
            "id": "rtbassoc-009d02f61f992e228",
            "region": "us-west-2",
            "route_table_id": "rtb-0a67c138cd82d4edb",
            "subnet_id": "subnet-0b74574fdcf04f772",
            "timeouts": null
          },
          "sensitive_attributes": [],
          "private": "eyJlMmJmYjczMC1lY2FhLTExZTYtOGY4OC0zNDM2M2JjN2M0YzAiOnsiY3JlYXRlIjozMDAwMDAwMDAwMDAsImRlbGV0ZSI6MzAwMDAwMDAwMDAwLCJ1cGRhdGUiOjEyMDAwMDAwMDAwMH19",
          "dependencies": [
            "module.vpc.aws_route_table.private",
            "module.vpc.aws_subnet.private",
            "module.vpc.aws_vpc.this",
            "module.vpc.aws_vpc_ipv4_cidr_block_association.this"
          ]
        }
      ]
    },
    {
      "module": "module.vpc",
      "mode": "managed",
      "type": "aws_route_table_association",
      "name": "public",
      "provider": "provider[\"registry.terraform.io/hashicorp/aws\"]",
      "instances": [
        {
          "index_key": 0,
          "schema_version": 0,
          "attributes": {
            "gateway_id": "",
            "id": "rtbassoc-0055b31d9c8979344",
            "region": "us-west-2",
            "route_table_id": "rtb-0ca47648057ed5fc0",
            "subnet_id": "subnet-033a8ec4c1e78935e",
            "timeouts": null
          },
          "sensitive_attributes": [],
          "private": "eyJlMmJmYjczMC1lY2FhLTExZTYtOGY4OC0zNDM2M2JjN2M0YzAiOnsiY3JlYXRlIjozMDAwMDAwMDAwMDAsImRlbGV0ZSI6MzAwMDAwMDAwMDAwLCJ1cGRhdGUiOjEyMDAwMDAwMDAwMH19",
          "dependencies": [
            "module.vpc.aws_route_table.public",
            "module.vpc.aws_subnet.public",
            "module.vpc.aws_vpc.this",
            "module.vpc.aws_vpc_ipv4_cidr_block_association.this"
          ]
        },
        {
          "index_key": 1,
          "schema_version": 0,
          "attributes": {
            "gateway_id": "",
            "id": "rtbassoc-0549783252f51e062",
            "region": "us-west-2",
            "route_table_id": "rtb-0ca47648057ed5fc0",
            "subnet_id": "subnet-0ab5210bf49d380a0",
            "timeouts": null
          },
          "sensitive_attributes": [],
          "private": "eyJlMmJmYjczMC1lY2FhLTExZTYtOGY4OC0zNDM2M2JjN2M0YzAiOnsiY3JlYXRlIjozMDAwMDAwMDAwMDAsImRlbGV0ZSI6MzAwMDAwMDAwMDAwLCJ1cGRhdGUiOjEyMDAwMDAwMDAwMH19",
          "dependencies": [
            "module.vpc.aws_route_table.public",
            "module.vpc.aws_subnet.public",
            "module.vpc.aws_vpc.this",
            "module.vpc.aws_vpc_ipv4_cidr_block_association.this"
          ]
        },
        {
          "index_key": 2,
          "schema_version": 0,
          "attributes": {
            "gateway_id": "",
            "id": "rtbassoc-029fbc73d5929c0b8",
            "region": "us-west-2",
            "route_table_id": "rtb-0ca47648057ed5fc0",
            "subnet_id": "subnet-045b6ec501976f5b9",
            "timeouts": null
          },
          "sensitive_attributes": [],
          "private": "eyJlMmJmYjczMC1lY2FhLTExZTYtOGY4OC0zNDM2M2JjN2M0YzAiOnsiY3JlYXRlIjozMDAwMDAwMDAwMDAsImRlbGV0ZSI6MzAwMDAwMDAwMDAwLCJ1cGRhdGUiOjEyMDAwMDAwMDAwMH19",
          "dependencies": [
            "module.vpc.aws_route_table.public",
            "module.vpc.aws_subnet.public",
            "module.vpc.aws_vpc.this",
            "module.vpc.aws_vpc_ipv4_cidr_block_association.this"
          ]
        }
      ]
    },
    {
      "module": "module.vpc",
      "mode": "managed",
      "type": "aws_subnet",
      "name": "private",
      "provider": "provider[\"registry.terraform.io/hashicorp/aws\"]",
      "instances": [
        {
          "index_key": 0,
          "schema_version": 1,
          "attributes": {
            "arn": "arn:aws:ec2:us-west-2:797495827785:subnet/subnet-0272dbaa9aa777af1",
            "assign_ipv6_address_on_creation": false,
            "availability_zone": "us-west-2a",
            "availability_zone_id": "usw2-az2",
            "cidr_block": "172.16.0.0/24",
            "customer_owned_ipv4_pool": "",
            "enable_dns64": false,
            "enable_lni_at_device_index": 0,
            "enable_resource_name_dns_a_record_on_launch": false,
            "enable_resource_name_dns_aaaa_record_on_launch": false,
            "id": "subnet-0272dbaa9aa777af1",
            "ipv6_cidr_block": "",
            "ipv6_cidr_block_association_id": "",
            "ipv6_native": false,
            "map_customer_owned_ip_on_launch": false,
            "map_public_ip_on_launch": false,
            "outpost_arn": "",
            "owner_id": "797495827785",
            "private_dns_hostname_type_on_launch": "ip-name",
            "region": "us-west-2",
            "tags": {
              "Name": "lbr-vpc-west-private-us-west-2a"
            },
            "tags_all": {
              "Name": "lbr-vpc-west-private-us-west-2a"
            },
            "timeouts": null,
            "vpc_id": "vpc-07950c8dd0adc4262"
          },
          "sensitive_attributes": [],
          "private": "eyJlMmJmYjczMC1lY2FhLTExZTYtOGY4OC0zNDM2M2JjN2M0YzAiOnsiY3JlYXRlIjo2MDAwMDAwMDAwMDAsImRlbGV0ZSI6MTIwMDAwMDAwMDAwMH0sInNjaGVtYV92ZXJzaW9uIjoiMSJ9",
          "dependencies": [
            "module.vpc.aws_vpc.this",
            "module.vpc.aws_vpc_ipv4_cidr_block_association.this"
          ]
        },
        {
          "index_key": 1,
          "schema_version": 1,
          "attributes": {
            "arn": "arn:aws:ec2:us-west-2:797495827785:subnet/subnet-020e511a74245e10e",
            "assign_ipv6_address_on_creation": false,
            "availability_zone": "us-west-2b",
            "availability_zone_id": "usw2-az1",
            "cidr_block": "172.16.1.0/24",
            "customer_owned_ipv4_pool": "",
            "enable_dns64": false,
            "enable_lni_at_device_index": 0,
            "enable_resource_name_dns_a_record_on_launch": false,
            "enable_resource_name_dns_aaaa_record_on_launch": false,
            "id": "subnet-020e511a74245e10e",
            "ipv6_cidr_block": "",
            "ipv6_cidr_block_association_id": "",
            "ipv6_native": false,
            "map_customer_owned_ip_on_launch": false,
            "map_public_ip_on_launch": false,
            "outpost_arn": "",
            "owner_id": "797495827785",
            "private_dns_hostname_type_on_launch": "ip-name",
            "region": "us-west-2",
            "tags": {
              "Name": "lbr-vpc-west-private-us-west-2b"
            },
            "tags_all": {
              "Name": "lbr-vpc-west-private-us-west-2b"
            },
            "timeouts": null,
            "vpc_id": "vpc-07950c8dd0adc4262"
          },
          "sensitive_attributes": [],
          "private": "eyJlMmJmYjczMC1lY2FhLTExZTYtOGY4OC0zNDM2M2JjN2M0YzAiOnsiY3JlYXRlIjo2MDAwMDAwMDAwMDAsImRlbGV0ZSI6MTIwMDAwMDAwMDAwMH0sInNjaGVtYV92ZXJzaW9uIjoiMSJ9",
          "dependencies": [
            "module.vpc.aws_vpc.this",
            "module.vpc.aws_vpc_ipv4_cidr_block_association.this"
          ]
        },
        {
          "index_key": 2,
          "schema_version": 1,
          "attributes": {
            "arn": "arn:aws:ec2:us-west-2:797495827785:subnet/subnet-0b74574fdcf04f772",
            "assign_ipv6_address_on_creation": false,
            "availability_zone": "us-west-2c",
            "availability_zone_id": "usw2-az3",
            "cidr_block": "172.16.2.0/24",
            "customer_owned_ipv4_pool": "",
            "enable_dns64": false,
            "enable_lni_at_device_index": 0,
            "enable_resource_name_dns_a_record_on_launch": false,
            "enable_resource_name_dns_aaaa_record_on_launch": false,
            "id": "subnet-0b74574fdcf04f772",
            "ipv6_cidr_block": "",
            "ipv6_cidr_block_association_id": "",
            "ipv6_native": false,
            "map_customer_owned_ip_on_launch": false,
            "map_public_ip_on_launch": false,
            "outpost_arn": "",
            "owner_id": "797495827785",
            "private_dns_hostname_type_on_launch": "ip-name",
            "region": "us-west-2",
            "tags": {
              "Name": "lbr-vpc-west-private-us-west-2c"
            },
            "tags_all": {
              "Name": "lbr-vpc-west-private-us-west-2c"
            },
            "timeouts": null,
            "vpc_id": "vpc-07950c8dd0adc4262"
          },
          "sensitive_attributes": [],
          "private": "eyJlMmJmYjczMC1lY2FhLTExZTYtOGY4OC0zNDM2M2JjN2M0YzAiOnsiY3JlYXRlIjo2MDAwMDAwMDAwMDAsImRlbGV0ZSI6MTIwMDAwMDAwMDAwMH0sInNjaGVtYV92ZXJzaW9uIjoiMSJ9",
          "dependencies": [
            "module.vpc.aws_vpc.this",
            "module.vpc.aws_vpc_ipv4_cidr_block_association.this"
          ]
        }
      ]
    },
    {
      "module": "module.vpc",
      "mode": "managed",
      "type": "aws_subnet",
      "name": "public",
      "provider": "provider[\"registry.terraform.io/hashicorp/aws\"]",
      "instances": [
        {
          "index_key": 0,
          "schema_version": 1,
          "attributes": {
            "arn": "arn:aws:ec2:us-west-2:797495827785:subnet/subnet-033a8ec4c1e78935e",
            "assign_ipv6_address_on_creation": false,
            "availability_zone": "us-west-2a",
            "availability_zone_id": "usw2-az2",
            "cidr_block": "172.16.3.0/24",
            "customer_owned_ipv4_pool": "",
            "enable_dns64": false,
            "enable_lni_at_device_index": 0,
            "enable_resource_name_dns_a_record_on_launch": false,
            "enable_resource_name_dns_aaaa_record_on_launch": false,
            "id": "subnet-033a8ec4c1e78935e",
            "ipv6_cidr_block": "",
            "ipv6_cidr_block_association_id": "",
            "ipv6_native": false,
            "map_customer_owned_ip_on_launch": false,
            "map_public_ip_on_launch": false,
            "outpost_arn": "",
            "owner_id": "797495827785",
            "private_dns_hostname_type_on_launch": "ip-name",
            "region": "us-west-2",
            "tags": {
              "Name": "lbr-vpc-west-public-us-west-2a"
            },
            "tags_all": {
              "Name": "lbr-vpc-west-public-us-west-2a"
            },
            "timeouts": null,
            "vpc_id": "vpc-07950c8dd0adc4262"
          },
          "sensitive_attributes": [],
          "private": "eyJlMmJmYjczMC1lY2FhLTExZTYtOGY4OC0zNDM2M2JjN2M0YzAiOnsiY3JlYXRlIjo2MDAwMDAwMDAwMDAsImRlbGV0ZSI6MTIwMDAwMDAwMDAwMH0sInNjaGVtYV92ZXJzaW9uIjoiMSJ9",
          "dependencies": [
            "module.vpc.aws_vpc.this",
            "module.vpc.aws_vpc_ipv4_cidr_block_association.this"
          ]
        },
        {
          "index_key": 1,
          "schema_version": 1,
          "attributes": {
            "arn": "arn:aws:ec2:us-west-2:797495827785:subnet/subnet-0ab5210bf49d380a0",
            "assign_ipv6_address_on_creation": false,
            "availability_zone": "us-west-2b",
            "availability_zone_id": "usw2-az1",
            "cidr_block": "172.16.4.0/24",
            "customer_owned_ipv4_pool": "",
            "enable_dns64": false,
            "enable_lni_at_device_index": 0,
            "enable_resource_name_dns_a_record_on_launch": false,
            "enable_resource_name_dns_aaaa_record_on_launch": false,
            "id": "subnet-0ab5210bf49d380a0",
            "ipv6_cidr_block": "",
            "ipv6_cidr_block_association_id": "",
            "ipv6_native": false,
            "map_customer_owned_ip_on_launch": false,
            "map_public_ip_on_launch": false,
            "outpost_arn": "",
            "owner_id": "797495827785",
            "private_dns_hostname_type_on_launch": "ip-name",
            "region": "us-west-2",
            "tags": {
              "Name": "lbr-vpc-west-public-us-west-2b"
            },
            "tags_all": {
              "Name": "lbr-vpc-west-public-us-west-2b"
            },
            "timeouts": null,
            "vpc_id": "vpc-07950c8dd0adc4262"
          },
          "sensitive_attributes": [],
          "private": "eyJlMmJmYjczMC1lY2FhLTExZTYtOGY4OC0zNDM2M2JjN2M0YzAiOnsiY3JlYXRlIjo2MDAwMDAwMDAwMDAsImRlbGV0ZSI6MTIwMDAwMDAwMDAwMH0sInNjaGVtYV92ZXJzaW9uIjoiMSJ9",
          "dependencies": [
            "module.vpc.aws_vpc.this",
            "module.vpc.aws_vpc_ipv4_cidr_block_association.this"
          ]
        },
        {
          "index_key": 2,
          "schema_version": 1,
          "attributes": {
            "arn": "arn:aws:ec2:us-west-2:797495827785:subnet/subnet-045b6ec501976f5b9",
            "assign_ipv6_address_on_creation": false,
            "availability_zone": "us-west-2c",
            "availability_zone_id": "usw2-az3",
            "cidr_block": "172.16.5.0/24",
            "customer_owned_ipv4_pool": "",
            "enable_dns64": false,
            "enable_lni_at_device_index": 0,
            "enable_resource_name_dns_a_record_on_launch": false,
            "enable_resource_name_dns_aaaa_record_on_launch": false,
            "id": "subnet-045b6ec501976f5b9",
            "ipv6_cidr_block": "",
            "ipv6_cidr_block_association_id": "",
            "ipv6_native": false,
            "map_customer_owned_ip_on_launch": false,
            "map_public_ip_on_launch": false,
            "outpost_arn": "",
            "owner_id": "797495827785",
            "private_dns_hostname_type_on_launch": "ip-name",
            "region": "us-west-2",
            "tags": {
              "Name": "lbr-vpc-west-public-us-west-2c"
            },
            "tags_all": {
              "Name": "lbr-vpc-west-public-us-west-2c"
            },
            "timeouts": null,
            "vpc_id": "vpc-07950c8dd0adc4262"
          },
          "sensitive_attributes": [],
          "private": "eyJlMmJmYjczMC1lY2FhLTExZTYtOGY4OC0zNDM2M2JjN2M0YzAiOnsiY3JlYXRlIjo2MDAwMDAwMDAwMDAsImRlbGV0ZSI6MTIwMDAwMDAwMDAwMH0sInNjaGVtYV92ZXJzaW9uIjoiMSJ9",
          "dependencies": [
            "module.vpc.aws_vpc.this",
            "module.vpc.aws_vpc_ipv4_cidr_block_association.this"
          ]
        }
      ]
    },
    {
      "module": "module.vpc",
      "mode": "managed",
      "type": "aws_vpc",
      "name": "this",
      "provider": "provider[\"registry.terraform.io/hashicorp/aws\"]",
      "instances": [
        {
          "index_key": 0,
          "schema_version": 1,
          "attributes": {
            "arn": "arn:aws:ec2:us-west-2:797495827785:vpc/vpc-07950c8dd0adc4262",
            "assign_generated_ipv6_cidr_block": false,
            "cidr_block": "172.16.0.0/16",
            "default_network_acl_id": "acl-0cb3a7d3bec7b4301",
            "default_route_table_id": "rtb-080d0ba1e5ab572a3",
            "default_security_group_id": "sg-0fd2040abb29c1504",
            "dhcp_options_id": "dopt-9898a3e0",
            "enable_dns_hostnames": true,
            "enable_dns_support": true,
            "enable_network_address_usage_metrics": false,
            "id": "vpc-07950c8dd0adc4262",
            "instance_tenancy": "default",
            "ipv4_ipam_pool_id": null,
            "ipv4_netmask_length": null,
            "ipv6_association_id": "",
            "ipv6_cidr_block": "",
            "ipv6_cidr_block_network_border_group": "",
            "ipv6_ipam_pool_id": "",
            "ipv6_netmask_length": 0,
            "main_route_table_id": "rtb-080d0ba1e5ab572a3",
            "owner_id": "797495827785",
            "region": "us-west-2",
            "tags": {
              "Name": "lbr-vpc-west"
            },
            "tags_all": {
              "Name": "lbr-vpc-west"
            }
          },
          "sensitive_attributes": [],
          "private": "eyJzY2hlbWFfdmVyc2lvbiI6IjEifQ==",
          "create_before_destroy": true
        }
      ]
    }
  ],
  "check_results": [
    {
      "object_kind": "var",
      "config_addr": "module.amz-tailscale-client.var.netfilter_mode",
      "status": "pass",
      "objects": [
        {
          "object_addr": "module.amz-tailscale-client.var.netfilter_mode",
          "status": "pass"
        }
      ]
    },
    {
      "object_kind": "var",
      "config_addr": "module.amz-tailscale-client.var.advertise_tags",
      "status": "pass",
      "objects": [
        {
          "object_addr": "module.amz-tailscale-client.var.advertise_tags",
          "status": "pass"
        }
      ]
    },
    {
      "object_kind": "var",
      "config_addr": "module.amz-tailscale-client.var.track",
      "status": "pass",
      "objects": [
        {
          "object_addr": "module.amz-tailscale-client.var.track",
          "status": "pass"
        }
      ]
    }
  ]
}
